// !$*UTF8*$!
{
	archiveVersion = 1;
	classes = {
	};
	objectVersion = 46;
	objects = {

/* Begin PBXBuildFile section */
		1619F3CC1206D36400BEA21D /* SimpleBannerViewController.m in Sources */ = {isa = PBXBuildFile; fileRef = 1619F3CA1206D36400BEA21D /* SimpleBannerViewController.m */; };
		16411994120991CA00A2D460 /* TableViewAnimationViewController.m in Sources */ = {isa = PBXBuildFile; fileRef = 16411993120991CA00A2D460 /* TableViewAnimationViewController.m */; };
		16411A6012099C1800A2D460 /* VideoWithInterstitilaViewController.m in Sources */ = {isa = PBXBuildFile; fileRef = 16411A5F12099C1800A2D460 /* VideoWithInterstitilaViewController.m */; };
		164E23211206EFE200FF5FD0 /* BannerAnimationViewController.m in Sources */ = {isa = PBXBuildFile; fileRef = 164E23201206EFE200FF5FD0 /* BannerAnimationViewController.m */; };
		167994691206E28500AE330E /* InterstitialViewController.m in Sources */ = {isa = PBXBuildFile; fileRef = 167994681206E28500AE330E /* InterstitialViewController.m */; };
		167994981206E7BB00AE330E /* VideoViewController.m in Sources */ = {isa = PBXBuildFile; fileRef = 167994971206E7BB00AE330E /* VideoViewController.m */; };
		16BB05AF1209513600DBCF9A /* TableViewCellSampleViewController.m in Sources */ = {isa = PBXBuildFile; fileRef = 16BB05AE1209513600DBCF9A /* TableViewCellSampleViewController.m */; };
		1D3623260D0F684500981E51 /* AdMobileSamplesAppDelegate.m in Sources */ = {isa = PBXBuildFile; fileRef = 1D3623250D0F684500981E51 /* AdMobileSamplesAppDelegate.m */; };
		1D60589B0D05DD56006BFB54 /* main.m in Sources */ = {isa = PBXBuildFile; fileRef = 29B97316FDCFA39411CA2CEA /* main.m */; };
		2899E5220DE3E06400AC0155 /* AdMobileSamplesViewController.xib in Resources */ = {isa = PBXBuildFile; fileRef = 2899E5210DE3E06400AC0155 /* AdMobileSamplesViewController.xib */; };
		28AD733F0D9D9553002E5188 /* MainWindow.xib in Resources */ = {isa = PBXBuildFile; fileRef = 28AD733E0D9D9553002E5188 /* MainWindow.xib */; };
		28D7ACF80DDB3853001CB0EB /* AdMobileSamplesViewController.m in Sources */ = {isa = PBXBuildFile; fileRef = 28D7ACF70DDB3853001CB0EB /* AdMobileSamplesViewController.m */; };
		ACC770281382B7F9005074D8 /* ORMMAViewController.m in Sources */ = {isa = PBXBuildFile; fileRef = ACC770271382B7F9005074D8 /* ORMMAViewController.m */; };
		AD0ECA2F120C1B38008216A6 /* DelegateViewController.m in Sources */ = {isa = PBXBuildFile; fileRef = AD0ECA2E120C1B38008216A6 /* DelegateViewController.m */; };
		ADAF1C6F126876F600AD88B8 /* DefaultImage (320x240).png in Resources */ = {isa = PBXBuildFile; fileRef = ADAF1C6E126876F600AD88B8 /* DefaultImage (320x240).png */; };
		ADAF1C731268775200AD88B8 /* DefaultImage (320x50).png in Resources */ = {isa = PBXBuildFile; fileRef = ADAF1C721268775200AD88B8 /* DefaultImage (320x50).png */; };
		CF0DF283130BD868005A6FB3 /* DebugViewController.m in Sources */ = {isa = PBXBuildFile; fileRef = CF0DF281130BD868005A6FB3 /* DebugViewController.m */; };
		CF19F9B213B4B17A001D1C81 /* AVFoundation.framework in Frameworks */ = {isa = PBXBuildFile; fileRef = CF19F9B013B4B17A001D1C81 /* AVFoundation.framework */; };
		CF19F9B313B4B17A001D1C81 /* MessageUI.framework in Frameworks */ = {isa = PBXBuildFile; fileRef = CF19F9B113B4B17A001D1C81 /* MessageUI.framework */; };
		CF19F9B613B4B1A9001D1C81 /* AudioToolbox.framework in Frameworks */ = {isa = PBXBuildFile; fileRef = CF19F9B413B4B1A9001D1C81 /* AudioToolbox.framework */; };
		CF19F9BC13B4B1D9001D1C81 /* CFNetwork.framework in Frameworks */ = {isa = PBXBuildFile; fileRef = CF19F9B813B4B1D9001D1C81 /* CFNetwork.framework */; };
		CF19F9BD13B4B1D9001D1C81 /* CoreGraphics.framework in Frameworks */ = {isa = PBXBuildFile; fileRef = CF19F9B913B4B1D9001D1C81 /* CoreGraphics.framework */; };
		CF19F9BE13B4B1D9001D1C81 /* Foundation.framework in Frameworks */ = {isa = PBXBuildFile; fileRef = CF19F9BA13B4B1D9001D1C81 /* Foundation.framework */; };
		CF19F9BF13B4B1D9001D1C81 /* UIKit.framework in Frameworks */ = {isa = PBXBuildFile; fileRef = CF19F9BB13B4B1D9001D1C81 /* UIKit.framework */; };
		CF19F9C313B4B1FC001D1C81 /* MediaPlayer.framework in Frameworks */ = {isa = PBXBuildFile; fileRef = CF19F9C013B4B1FC001D1C81 /* MediaPlayer.framework */; };
		CF19F9C413B4B1FC001D1C81 /* QuartzCore.framework in Frameworks */ = {isa = PBXBuildFile; fileRef = CF19F9C113B4B1FC001D1C81 /* QuartzCore.framework */; };
		CF19F9C513B4B1FC001D1C81 /* SystemConfiguration.framework in Frameworks */ = {isa = PBXBuildFile; fileRef = CF19F9C213B4B1FC001D1C81 /* SystemConfiguration.framework */; };
		CF19F9C913B4B21B001D1C81 /* CoreMotion.framework in Frameworks */ = {isa = PBXBuildFile; fileRef = CF19F9C613B4B21B001D1C81 /* CoreMotion.framework */; };
		CF19F9CA13B4B21B001D1C81 /* CoreTelephony.framework in Frameworks */ = {isa = PBXBuildFile; fileRef = CF19F9C713B4B21B001D1C81 /* CoreTelephony.framework */; };
		CF19F9CB13B4B21B001D1C81 /* OpenGLES.framework in Frameworks */ = {isa = PBXBuildFile; fileRef = CF19F9C813B4B21B001D1C81 /* OpenGLES.framework */; };
		CF1ABF27130E608000A6859F /* Shader.fsh in Sources */ = {isa = PBXBuildFile; fileRef = CF1ABF25130E608000A6859F /* Shader.fsh */; };
		CF1ABF28130E608000A6859F /* Shader.vsh in Sources */ = {isa = PBXBuildFile; fileRef = CF1ABF26130E608000A6859F /* Shader.vsh */; };
		CF1ABF42130E609400A6859F /* Shader.fsh in Resources */ = {isa = PBXBuildFile; fileRef = CF1ABF25130E608000A6859F /* Shader.fsh */; };
		CF1ABF43130E609400A6859F /* Shader.vsh in Resources */ = {isa = PBXBuildFile; fileRef = CF1ABF26130E608000A6859F /* Shader.vsh */; };
		CF2C608712FC2E4400A103C5 /* RotationAdViewController.m in Sources */ = {isa = PBXBuildFile; fileRef = CF2C608612FC2E4400A103C5 /* RotationAdViewController.m */; };
		CF6313111345BBED00399622 /* Default@2x.png in Resources */ = {isa = PBXBuildFile; fileRef = CF63130F1345BBED00399622 /* Default@2x.png */; };
		CF6313121345BBED00399622 /* Default.png in Resources */ = {isa = PBXBuildFile; fileRef = CF6313101345BBED00399622 /* Default.png */; };
		CF6313151345BF7F00399622 /* Default-Portrait.png in Resources */ = {isa = PBXBuildFile; fileRef = CF6313141345BF7F00399622 /* Default-Portrait.png */; };
		CF64F48513D992E500A4F1B5 /* libsqlite3.0.dylib in Frameworks */ = {isa = PBXBuildFile; fileRef = CF64F48313D992E500A4F1B5 /* libsqlite3.0.dylib */; };
		CF64F48613D992E500A4F1B5 /* libz.dylib in Frameworks */ = {isa = PBXBuildFile; fileRef = CF64F48413D992E500A4F1B5 /* libz.dylib */; };
		CF840386130E67B200EC0AF8 /* OpenGLViewController.m in Sources */ = {isa = PBXBuildFile; fileRef = CF840382130E67B200EC0AF8 /* OpenGLViewController.m */; };
		CF840387130E67B200EC0AF8 /* EAGLView.m in Sources */ = {isa = PBXBuildFile; fileRef = CF840384130E67B200EC0AF8 /* EAGLView.m */; };
		CF84058C130E992300EC0AF8 /* RichJSadViewController.m in Sources */ = {isa = PBXBuildFile; fileRef = CF84058B130E992300EC0AF8 /* RichJSadViewController.m */; };
		CFBBD63113BDC73D007ADECA /* TestingViewController.m in Sources */ = {isa = PBXBuildFile; fileRef = CFBBD63013BDC73D007ADECA /* TestingViewController.m */; };
		CFD0702A130A5AB700915735 /* Icon@2x.png in Resources */ = {isa = PBXBuildFile; fileRef = CFD07025130A5AB700915735 /* Icon@2x.png */; };
		CFD0702B130A5AB700915735 /* Icon.png in Resources */ = {isa = PBXBuildFile; fileRef = CFD07026130A5AB700915735 /* Icon.png */; };
		CFD0702E130A5AB700915735 /* Icon-72.png in Resources */ = {isa = PBXBuildFile; fileRef = CFD07029130A5AB700915735 /* Icon-72.png */; };
		CFED897913B0C4DC00761B9C /* libAdMobileSDK.a in Frameworks */ = {isa = PBXBuildFile; fileRef = CFBA6E0013B0599900CCE607 /* libAdMobileSDK.a */; };
		FC428BF013EFBCC0001B3B6E /* SAS.bundle in Resources */ = {isa = PBXBuildFile; fileRef = FC428BEF13EFBCC0001B3B6E /* SAS.bundle */; };
		FCB54BC41423125200867C7E /* EventKit.framework in Frameworks */ = {isa = PBXBuildFile; fileRef = FCB54BC31423125200867C7E /* EventKit.framework */; };
		FCF61E511414FBA1007B0BCA /* SimpleBannerRetinaViewController.m in Sources */ = {isa = PBXBuildFile; fileRef = FCF61E501414FBA1007B0BCA /* SimpleBannerRetinaViewController.m */; };
/* End PBXBuildFile section */

/* Begin PBXContainerItemProxy section */
		CFAEF44913D00D9C00355C81 /* PBXContainerItemProxy */ = {
			isa = PBXContainerItemProxy;
			containerPortal = CFBA6DF713B0599800CCE607 /* AdMobileSDK.xcodeproj */;
			proxyType = 2;
			remoteGlobalIDString = CFAEF44713D00D9C00355C81;
			remoteInfo = DocGeneration;
		};
		CFBA6DFF13B0599900CCE607 /* PBXContainerItemProxy */ = {
			isa = PBXContainerItemProxy;
			containerPortal = CFBA6DF713B0599800CCE607 /* AdMobileSDK.xcodeproj */;
			proxyType = 2;
			remoteGlobalIDString = CFE1ED4112FA979400600579;
			remoteInfo = AdMobileSDK;
		};
		CFBA6E1C13B059BB00CCE607 /* PBXContainerItemProxy */ = {
			isa = PBXContainerItemProxy;
			containerPortal = CFBA6DF713B0599800CCE607 /* AdMobileSDK.xcodeproj */;
			proxyType = 1;
			remoteGlobalIDString = D2AAC07D0554694100DB518D;
			remoteInfo = AdMobileSDK;
		};
/* End PBXContainerItemProxy section */

/* Begin PBXFileReference section */
		1619F3C91206D36400BEA21D /* SimpleBannerViewController.h */ = {isa = PBXFileReference; fileEncoding = 4; lastKnownFileType = sourcecode.c.h; path = SimpleBannerViewController.h; sourceTree = "<group>"; };
		1619F3CA1206D36400BEA21D /* SimpleBannerViewController.m */ = {isa = PBXFileReference; fileEncoding = 4; lastKnownFileType = sourcecode.c.objc; path = SimpleBannerViewController.m; sourceTree = "<group>"; };
		16411992120991CA00A2D460 /* TableViewAnimationViewController.h */ = {isa = PBXFileReference; fileEncoding = 4; lastKnownFileType = sourcecode.c.h; path = TableViewAnimationViewController.h; sourceTree = "<group>"; };
		16411993120991CA00A2D460 /* TableViewAnimationViewController.m */ = {isa = PBXFileReference; fileEncoding = 4; lastKnownFileType = sourcecode.c.objc; path = TableViewAnimationViewController.m; sourceTree = "<group>"; };
		16411A5E12099C1800A2D460 /* VideoWithInterstitilaViewController.h */ = {isa = PBXFileReference; fileEncoding = 4; lastKnownFileType = sourcecode.c.h; path = VideoWithInterstitilaViewController.h; sourceTree = "<group>"; };
		16411A5F12099C1800A2D460 /* VideoWithInterstitilaViewController.m */ = {isa = PBXFileReference; fileEncoding = 4; lastKnownFileType = sourcecode.c.objc; path = VideoWithInterstitilaViewController.m; sourceTree = "<group>"; };
		164E231F1206EFE200FF5FD0 /* BannerAnimationViewController.h */ = {isa = PBXFileReference; fileEncoding = 4; lastKnownFileType = sourcecode.c.h; path = BannerAnimationViewController.h; sourceTree = "<group>"; };
		164E23201206EFE200FF5FD0 /* BannerAnimationViewController.m */ = {isa = PBXFileReference; fileEncoding = 4; lastKnownFileType = sourcecode.c.objc; path = BannerAnimationViewController.m; sourceTree = "<group>"; };
		167994291206DD1A00AE330E /* Settings.h */ = {isa = PBXFileReference; fileEncoding = 4; lastKnownFileType = sourcecode.c.h; path = Settings.h; sourceTree = "<group>"; };
		167994671206E28500AE330E /* InterstitialViewController.h */ = {isa = PBXFileReference; fileEncoding = 4; lastKnownFileType = sourcecode.c.h; path = InterstitialViewController.h; sourceTree = "<group>"; };
		167994681206E28500AE330E /* InterstitialViewController.m */ = {isa = PBXFileReference; fileEncoding = 4; lastKnownFileType = sourcecode.c.objc; path = InterstitialViewController.m; sourceTree = "<group>"; };
		167994961206E7BB00AE330E /* VideoViewController.h */ = {isa = PBXFileReference; fileEncoding = 4; lastKnownFileType = sourcecode.c.h; path = VideoViewController.h; sourceTree = "<group>"; };
		167994971206E7BB00AE330E /* VideoViewController.m */ = {isa = PBXFileReference; fileEncoding = 4; lastKnownFileType = sourcecode.c.objc; path = VideoViewController.m; sourceTree = "<group>"; };
		16BB05AD1209513600DBCF9A /* TableViewCellSampleViewController.h */ = {isa = PBXFileReference; fileEncoding = 4; lastKnownFileType = sourcecode.c.h; path = TableViewCellSampleViewController.h; sourceTree = "<group>"; };
		16BB05AE1209513600DBCF9A /* TableViewCellSampleViewController.m */ = {isa = PBXFileReference; fileEncoding = 4; lastKnownFileType = sourcecode.c.objc; path = TableViewCellSampleViewController.m; sourceTree = "<group>"; };
		1D3623240D0F684500981E51 /* AdMobileSamplesAppDelegate.h */ = {isa = PBXFileReference; fileEncoding = 4; lastKnownFileType = sourcecode.c.h; path = AdMobileSamplesAppDelegate.h; sourceTree = "<group>"; };
		1D3623250D0F684500981E51 /* AdMobileSamplesAppDelegate.m */ = {isa = PBXFileReference; fileEncoding = 4; lastKnownFileType = sourcecode.c.objc; path = AdMobileSamplesAppDelegate.m; sourceTree = "<group>"; };
		1D6058910D05DD3D006BFB54 /* AdMobileSamples.app */ = {isa = PBXFileReference; explicitFileType = wrapper.application; includeInIndex = 0; path = AdMobileSamples.app; sourceTree = BUILT_PRODUCTS_DIR; };
		2899E5210DE3E06400AC0155 /* AdMobileSamplesViewController.xib */ = {isa = PBXFileReference; lastKnownFileType = file.xib; path = AdMobileSamplesViewController.xib; sourceTree = "<group>"; };
		28AD733E0D9D9553002E5188 /* MainWindow.xib */ = {isa = PBXFileReference; lastKnownFileType = file.xib; path = MainWindow.xib; sourceTree = "<group>"; };
		28D7ACF60DDB3853001CB0EB /* AdMobileSamplesViewController.h */ = {isa = PBXFileReference; fileEncoding = 4; lastKnownFileType = sourcecode.c.h; path = AdMobileSamplesViewController.h; sourceTree = "<group>"; };
		28D7ACF70DDB3853001CB0EB /* AdMobileSamplesViewController.m */ = {isa = PBXFileReference; fileEncoding = 4; lastKnownFileType = sourcecode.c.objc; path = AdMobileSamplesViewController.m; sourceTree = "<group>"; };
		29B97316FDCFA39411CA2CEA /* main.m */ = {isa = PBXFileReference; fileEncoding = 4; lastKnownFileType = sourcecode.c.objc; path = main.m; sourceTree = "<group>"; };
		32CA4F630368D1EE00C91783 /* AdMobileSamples_Prefix.pch */ = {isa = PBXFileReference; fileEncoding = 4; lastKnownFileType = sourcecode.c.h; path = AdMobileSamples_Prefix.pch; sourceTree = "<group>"; };
		8D1107310486CEB800E47090 /* AdMobileSamples-Info.plist */ = {isa = PBXFileReference; fileEncoding = 4; lastKnownFileType = text.plist.xml; path = "AdMobileSamples-Info.plist"; plistStructureDefinitionIdentifier = "com.apple.xcode.plist.structure-definition.iphone.info-plist"; sourceTree = "<group>"; };
		ACC770261382B7F9005074D8 /* ORMMAViewController.h */ = {isa = PBXFileReference; fileEncoding = 4; lastKnownFileType = sourcecode.c.h; path = ORMMAViewController.h; sourceTree = "<group>"; };
		ACC770271382B7F9005074D8 /* ORMMAViewController.m */ = {isa = PBXFileReference; fileEncoding = 4; lastKnownFileType = sourcecode.c.objc; path = ORMMAViewController.m; sourceTree = "<group>"; };
		AD0ECA2D120C1B38008216A6 /* DelegateViewController.h */ = {isa = PBXFileReference; fileEncoding = 4; lastKnownFileType = sourcecode.c.h; path = DelegateViewController.h; sourceTree = "<group>"; };
		AD0ECA2E120C1B38008216A6 /* DelegateViewController.m */ = {isa = PBXFileReference; fileEncoding = 4; lastKnownFileType = sourcecode.c.objc; path = DelegateViewController.m; sourceTree = "<group>"; };
		ADAF1C6E126876F600AD88B8 /* DefaultImage (320x240).png */ = {isa = PBXFileReference; lastKnownFileType = image.png; path = "DefaultImage (320x240).png"; sourceTree = "<group>"; };
		ADAF1C721268775200AD88B8 /* DefaultImage (320x50).png */ = {isa = PBXFileReference; lastKnownFileType = image.png; path = "DefaultImage (320x50).png"; sourceTree = "<group>"; };
		CF08E18713B3674F00653A17 /* AdDelegate.h */ = {isa = PBXFileReference; fileEncoding = 4; lastKnownFileType = sourcecode.c.h; path = AdDelegate.h; sourceTree = "<group>"; };
		CF08E18813B3674F00653A17 /* AdInterstitialView.h */ = {isa = PBXFileReference; fileEncoding = 4; lastKnownFileType = sourcecode.c.h; path = AdInterstitialView.h; sourceTree = "<group>"; };
		CF08E18913B3674F00653A17 /* AdView.h */ = {isa = PBXFileReference; fileEncoding = 4; lastKnownFileType = sourcecode.c.h; path = AdView.h; sourceTree = "<group>"; };
		CF0DF281130BD868005A6FB3 /* DebugViewController.m */ = {isa = PBXFileReference; fileEncoding = 4; lastKnownFileType = sourcecode.c.objc; path = DebugViewController.m; sourceTree = "<group>"; };
		CF0DF282130BD868005A6FB3 /* DebugViewController.h */ = {isa = PBXFileReference; fileEncoding = 4; lastKnownFileType = sourcecode.c.h; path = DebugViewController.h; sourceTree = "<group>"; };
		CF19F9B013B4B17A001D1C81 /* AVFoundation.framework */ = {isa = PBXFileReference; lastKnownFileType = wrapper.framework; name = AVFoundation.framework; path = Platforms/iPhoneOS.platform/Developer/SDKs/iPhoneOS4.3.sdk/System/Library/Frameworks/AVFoundation.framework; sourceTree = DEVELOPER_DIR; };
		CF19F9B113B4B17A001D1C81 /* MessageUI.framework */ = {isa = PBXFileReference; lastKnownFileType = wrapper.framework; name = MessageUI.framework; path = Platforms/iPhoneOS.platform/Developer/SDKs/iPhoneOS4.3.sdk/System/Library/Frameworks/MessageUI.framework; sourceTree = DEVELOPER_DIR; };
		CF19F9B413B4B1A9001D1C81 /* AudioToolbox.framework */ = {isa = PBXFileReference; lastKnownFileType = wrapper.framework; name = AudioToolbox.framework; path = Platforms/iPhoneOS.platform/Developer/SDKs/iPhoneOS4.3.sdk/System/Library/Frameworks/AudioToolbox.framework; sourceTree = DEVELOPER_DIR; };
		CF19F9B813B4B1D9001D1C81 /* CFNetwork.framework */ = {isa = PBXFileReference; lastKnownFileType = wrapper.framework; name = CFNetwork.framework; path = Platforms/iPhoneOS.platform/Developer/SDKs/iPhoneOS4.3.sdk/System/Library/Frameworks/CFNetwork.framework; sourceTree = DEVELOPER_DIR; };
		CF19F9B913B4B1D9001D1C81 /* CoreGraphics.framework */ = {isa = PBXFileReference; lastKnownFileType = wrapper.framework; name = CoreGraphics.framework; path = Platforms/iPhoneOS.platform/Developer/SDKs/iPhoneOS4.3.sdk/System/Library/Frameworks/CoreGraphics.framework; sourceTree = DEVELOPER_DIR; };
		CF19F9BA13B4B1D9001D1C81 /* Foundation.framework */ = {isa = PBXFileReference; lastKnownFileType = wrapper.framework; name = Foundation.framework; path = Platforms/iPhoneOS.platform/Developer/SDKs/iPhoneOS4.3.sdk/System/Library/Frameworks/Foundation.framework; sourceTree = DEVELOPER_DIR; };
		CF19F9BB13B4B1D9001D1C81 /* UIKit.framework */ = {isa = PBXFileReference; lastKnownFileType = wrapper.framework; name = UIKit.framework; path = Platforms/iPhoneOS.platform/Developer/SDKs/iPhoneOS4.3.sdk/System/Library/Frameworks/UIKit.framework; sourceTree = DEVELOPER_DIR; };
		CF19F9C013B4B1FC001D1C81 /* MediaPlayer.framework */ = {isa = PBXFileReference; lastKnownFileType = wrapper.framework; name = MediaPlayer.framework; path = Platforms/iPhoneOS.platform/Developer/SDKs/iPhoneOS4.3.sdk/System/Library/Frameworks/MediaPlayer.framework; sourceTree = DEVELOPER_DIR; };
		CF19F9C113B4B1FC001D1C81 /* QuartzCore.framework */ = {isa = PBXFileReference; lastKnownFileType = wrapper.framework; name = QuartzCore.framework; path = Platforms/iPhoneOS.platform/Developer/SDKs/iPhoneOS4.3.sdk/System/Library/Frameworks/QuartzCore.framework; sourceTree = DEVELOPER_DIR; };
		CF19F9C213B4B1FC001D1C81 /* SystemConfiguration.framework */ = {isa = PBXFileReference; lastKnownFileType = wrapper.framework; name = SystemConfiguration.framework; path = Platforms/iPhoneOS.platform/Developer/SDKs/iPhoneOS4.3.sdk/System/Library/Frameworks/SystemConfiguration.framework; sourceTree = DEVELOPER_DIR; };
		CF19F9C613B4B21B001D1C81 /* CoreMotion.framework */ = {isa = PBXFileReference; lastKnownFileType = wrapper.framework; name = CoreMotion.framework; path = Platforms/iPhoneOS.platform/Developer/SDKs/iPhoneOS4.3.sdk/System/Library/Frameworks/CoreMotion.framework; sourceTree = DEVELOPER_DIR; };
		CF19F9C713B4B21B001D1C81 /* CoreTelephony.framework */ = {isa = PBXFileReference; lastKnownFileType = wrapper.framework; name = CoreTelephony.framework; path = Platforms/iPhoneOS.platform/Developer/SDKs/iPhoneOS4.3.sdk/System/Library/Frameworks/CoreTelephony.framework; sourceTree = DEVELOPER_DIR; };
		CF19F9C813B4B21B001D1C81 /* OpenGLES.framework */ = {isa = PBXFileReference; lastKnownFileType = wrapper.framework; name = OpenGLES.framework; path = Platforms/iPhoneOS.platform/Developer/SDKs/iPhoneOS4.3.sdk/System/Library/Frameworks/OpenGLES.framework; sourceTree = DEVELOPER_DIR; };
		CF1ABF25130E608000A6859F /* Shader.fsh */ = {isa = PBXFileReference; fileEncoding = 4; lastKnownFileType = sourcecode.glsl; path = Shader.fsh; sourceTree = "<group>"; };
		CF1ABF26130E608000A6859F /* Shader.vsh */ = {isa = PBXFileReference; fileEncoding = 4; lastKnownFileType = sourcecode.glsl; path = Shader.vsh; sourceTree = "<group>"; };
		CF2C608512FC2E4400A103C5 /* RotationAdViewController.h */ = {isa = PBXFileReference; fileEncoding = 4; lastKnownFileType = sourcecode.c.h; path = RotationAdViewController.h; sourceTree = "<group>"; };
		CF2C608612FC2E4400A103C5 /* RotationAdViewController.m */ = {isa = PBXFileReference; fileEncoding = 4; lastKnownFileType = sourcecode.c.objc; path = RotationAdViewController.m; sourceTree = "<group>"; };
		CF63130F1345BBED00399622 /* Default@2x.png */ = {isa = PBXFileReference; lastKnownFileType = image.png; path = "Default@2x.png"; sourceTree = "<group>"; };
		CF6313101345BBED00399622 /* Default.png */ = {isa = PBXFileReference; lastKnownFileType = image.png; path = Default.png; sourceTree = "<group>"; };
		CF6313141345BF7F00399622 /* Default-Portrait.png */ = {isa = PBXFileReference; lastKnownFileType = image.png; path = "Default-Portrait.png"; sourceTree = "<group>"; };
		CF64F48313D992E500A4F1B5 /* libsqlite3.0.dylib */ = {isa = PBXFileReference; lastKnownFileType = "compiled.mach-o.dylib"; name = libsqlite3.0.dylib; path = Platforms/iPhoneOS.platform/Developer/SDKs/iPhoneOS4.3.sdk/usr/lib/libsqlite3.0.dylib; sourceTree = DEVELOPER_DIR; };
		CF64F48413D992E500A4F1B5 /* libz.dylib */ = {isa = PBXFileReference; lastKnownFileType = "compiled.mach-o.dylib"; name = libz.dylib; path = Platforms/iPhoneOS.platform/Developer/SDKs/iPhoneOS4.3.sdk/usr/lib/libz.dylib; sourceTree = DEVELOPER_DIR; };
		CF840382130E67B200EC0AF8 /* OpenGLViewController.m */ = {isa = PBXFileReference; fileEncoding = 4; lastKnownFileType = sourcecode.c.objc; path = OpenGLViewController.m; sourceTree = "<group>"; };
		CF840383130E67B200EC0AF8 /* OpenGLViewController.h */ = {isa = PBXFileReference; fileEncoding = 4; lastKnownFileType = sourcecode.c.h; path = OpenGLViewController.h; sourceTree = "<group>"; };
		CF840384130E67B200EC0AF8 /* EAGLView.m */ = {isa = PBXFileReference; fileEncoding = 4; lastKnownFileType = sourcecode.c.objc; path = EAGLView.m; sourceTree = "<group>"; };
		CF840385130E67B200EC0AF8 /* EAGLView.h */ = {isa = PBXFileReference; fileEncoding = 4; lastKnownFileType = sourcecode.c.h; path = EAGLView.h; sourceTree = "<group>"; };
		CF84058A130E992300EC0AF8 /* RichJSadViewController.h */ = {isa = PBXFileReference; fileEncoding = 4; lastKnownFileType = sourcecode.c.h; path = RichJSadViewController.h; sourceTree = "<group>"; };
		CF84058B130E992300EC0AF8 /* RichJSadViewController.m */ = {isa = PBXFileReference; fileEncoding = 4; lastKnownFileType = sourcecode.c.objc; path = RichJSadViewController.m; sourceTree = "<group>"; };
		CFBA6DF713B0599800CCE607 /* AdMobileSDK.xcodeproj */ = {isa = PBXFileReference; lastKnownFileType = "wrapper.pb-project"; name = AdMobileSDK.xcodeproj; path = ../../../Sources/AdMobileSDK.xcodeproj; sourceTree = "<group>"; };
		CFBBD62F13BDC73D007ADECA /* TestingViewController.h */ = {isa = PBXFileReference; fileEncoding = 4; lastKnownFileType = sourcecode.c.h; path = TestingViewController.h; sourceTree = "<group>"; };
		CFBBD63013BDC73D007ADECA /* TestingViewController.m */ = {isa = PBXFileReference; fileEncoding = 4; lastKnownFileType = sourcecode.c.objc; path = TestingViewController.m; sourceTree = "<group>"; };
		CFBBD63913BDD711007ADECA /* AdController.h */ = {isa = PBXFileReference; fileEncoding = 4; lastKnownFileType = sourcecode.c.h; path = AdController.h; sourceTree = "<group>"; };
		CFBBD63D13BDD711007ADECA /* FileManager.h */ = {isa = PBXFileReference; fileEncoding = 4; lastKnownFileType = sourcecode.c.h; path = FileManager.h; sourceTree = "<group>"; };
		CFBBD64013BDD711007ADECA /* InstallManager.h */ = {isa = PBXFileReference; fileEncoding = 4; lastKnownFileType = sourcecode.c.h; path = InstallManager.h; sourceTree = "<group>"; };
		CFBBD64313BDD711007ADECA /* LocationManager.h */ = {isa = PBXFileReference; fileEncoding = 4; lastKnownFileType = sourcecode.c.h; path = LocationManager.h; sourceTree = "<group>"; };
		CFBBD64613BDD711007ADECA /* LogBasicFormatter.h */ = {isa = PBXFileReference; fileEncoding = 4; lastKnownFileType = sourcecode.c.h; path = LogBasicFormatter.h; sourceTree = "<group>"; };
		CFBBD64813BDD711007ADECA /* Logger.h */ = {isa = PBXFileReference; fileEncoding = 4; lastKnownFileType = sourcecode.c.h; path = Logger.h; sourceTree = "<group>"; };
		CFBBD64C13BDD711007ADECA /* CacheController.h */ = {isa = PBXFileReference; fileEncoding = 4; lastKnownFileType = sourcecode.c.h; path = CacheController.h; sourceTree = "<group>"; };
		CFBBD64F13BDD711007ADECA /* DownloadController.h */ = {isa = PBXFileReference; fileEncoding = 4; lastKnownFileType = sourcecode.c.h; path = DownloadController.h; sourceTree = "<group>"; };
		CFBBD65213BDD711007ADECA /* AdRequests.h */ = {isa = PBXFileReference; fileEncoding = 4; lastKnownFileType = sourcecode.c.h; path = AdRequests.h; sourceTree = "<group>"; };
		CFBBD65513BDD711007ADECA /* AdUpdater.h */ = {isa = PBXFileReference; fileEncoding = 4; lastKnownFileType = sourcecode.c.h; path = AdUpdater.h; sourceTree = "<group>"; };
		CFBBD65813BDD711007ADECA /* NotificationAtlas.h */ = {isa = PBXFileReference; fileEncoding = 4; lastKnownFileType = sourcecode.c.h; path = NotificationAtlas.h; sourceTree = "<group>"; };
		CFBBD65A13BDD711007ADECA /* NotificationCenter.h */ = {isa = PBXFileReference; fileEncoding = 4; lastKnownFileType = sourcecode.c.h; path = NotificationCenter.h; sourceTree = "<group>"; };
		CFBBD65C13BDD711007ADECA /* NotificationCenterAdditions.h */ = {isa = PBXFileReference; fileEncoding = 4; lastKnownFileType = sourcecode.c.h; path = NotificationCenterAdditions.h; sourceTree = "<group>"; };
		CFBBD65F13BDD711007ADECA /* Constants.h */ = {isa = PBXFileReference; fileEncoding = 4; lastKnownFileType = sourcecode.c.h; path = Constants.h; sourceTree = "<group>"; };
		CFBBD66013BDD711007ADECA /* Utils.h */ = {isa = PBXFileReference; fileEncoding = 4; lastKnownFileType = sourcecode.c.h; path = Utils.h; sourceTree = "<group>"; };
		CFBBD66313BDD711007ADECA /* WebKitInfo.h */ = {isa = PBXFileReference; fileEncoding = 4; lastKnownFileType = sourcecode.c.h; path = WebKitInfo.h; sourceTree = "<group>"; };
		CFBBD66613BDD711007ADECA /* SharedModel.h */ = {isa = PBXFileReference; fileEncoding = 4; lastKnownFileType = sourcecode.c.h; path = SharedModel.h; sourceTree = "<group>"; };
		CFBBD66A13BDD711007ADECA /* GreystripeSharedAdaptor.h */ = {isa = PBXFileReference; fileEncoding = 4; lastKnownFileType = sourcecode.c.h; path = GreystripeSharedAdaptor.h; sourceTree = "<group>"; };
		CFBBD66D13BDD711007ADECA /* InternalBrowser.h */ = {isa = PBXFileReference; fileEncoding = 4; lastKnownFileType = sourcecode.c.h; path = InternalBrowser.h; sourceTree = "<group>"; };
		CFBBD66F13BDD711007ADECA /* UIViewAdditions.h */ = {isa = PBXFileReference; fileEncoding = 4; lastKnownFileType = sourcecode.c.h; path = UIViewAdditions.h; sourceTree = "<group>"; };
		CFBBD67113BDD711007ADECA /* UIWebViewAdditions.h */ = {isa = PBXFileReference; fileEncoding = 4; lastKnownFileType = sourcecode.c.h; path = UIWebViewAdditions.h; sourceTree = "<group>"; };
		CFBBD67513BDD711007ADECA /* AdDescriptor.h */ = {isa = PBXFileReference; fileEncoding = 4; lastKnownFileType = sourcecode.c.h; path = AdDescriptor.h; sourceTree = "<group>"; };
		CFBBD67713BDD711007ADECA /* AdDescriptorHelper.h */ = {isa = PBXFileReference; fileEncoding = 4; lastKnownFileType = sourcecode.c.h; path = AdDescriptorHelper.h; sourceTree = "<group>"; };
		CFBBD67A13BDD711007ADECA /* ServerXMLResponseParser.h */ = {isa = PBXFileReference; fileEncoding = 4; lastKnownFileType = sourcecode.c.h; path = ServerXMLResponseParser.h; sourceTree = "<group>"; };
		CFBBD67D13BDD711007ADECA /* AdModel.h */ = {isa = PBXFileReference; fileEncoding = 4; lastKnownFileType = sourcecode.c.h; path = AdModel.h; sourceTree = "<group>"; };
		CFBBD68313BDD711007ADECA /* AdView_Private.h */ = {isa = PBXFileReference; fileEncoding = 4; lastKnownFileType = sourcecode.c.h; path = AdView_Private.h; sourceTree = "<group>"; };
		CFBBD68613BDD711007ADECA /* AdMobAdaptor.h */ = {isa = PBXFileReference; fileEncoding = 4; lastKnownFileType = sourcecode.c.h; path = AdMobAdaptor.h; sourceTree = "<group>"; };
		CFBBD68913BDD711007ADECA /* AdWebView.h */ = {isa = PBXFileReference; fileEncoding = 4; lastKnownFileType = sourcecode.c.h; path = AdWebView.h; sourceTree = "<group>"; };
		CFBBD68C13BDD711007ADECA /* ORMMAJavascriptBridge.h */ = {isa = PBXFileReference; fileEncoding = 4; lastKnownFileType = sourcecode.c.h; path = ORMMAJavascriptBridge.h; sourceTree = "<group>"; };
		CFBBD68F13BDD711007ADECA /* GreystripeAdaptor.h */ = {isa = PBXFileReference; fileEncoding = 4; lastKnownFileType = sourcecode.c.h; path = GreystripeAdaptor.h; sourceTree = "<group>"; };
		CFBBD69213BDD711007ADECA /* IAdAdaptor.h */ = {isa = PBXFileReference; fileEncoding = 4; lastKnownFileType = sourcecode.c.h; path = IAdAdaptor.h; sourceTree = "<group>"; };
		CFBBD69513BDD711007ADECA /* IVdopiaAdaptor.h */ = {isa = PBXFileReference; fileEncoding = 4; lastKnownFileType = sourcecode.c.h; path = IVdopiaAdaptor.h; sourceTree = "<group>"; };
		CFBBD69813BDD711007ADECA /* MillennialAdaptor.h */ = {isa = PBXFileReference; fileEncoding = 4; lastKnownFileType = sourcecode.c.h; path = MillennialAdaptor.h; sourceTree = "<group>"; };
		CFBBD69B13BDD711007ADECA /* RhythmAdaptor.h */ = {isa = PBXFileReference; fileEncoding = 4; lastKnownFileType = sourcecode.c.h; path = RhythmAdaptor.h; sourceTree = "<group>"; };
		CFBBD69E13BDD711007ADECA /* SasAdaptor.h */ = {isa = PBXFileReference; fileEncoding = 4; lastKnownFileType = sourcecode.c.h; path = SasAdaptor.h; sourceTree = "<group>"; };
		CFBBD6A013BDD711007ADECA /* SASUIViewControllerAdaptor.h */ = {isa = PBXFileReference; fileEncoding = 4; lastKnownFileType = sourcecode.c.h; path = SASUIViewControllerAdaptor.h; sourceTree = "<group>"; };
		CFBBD6A313BDD711007ADECA /* VideoView.h */ = {isa = PBXFileReference; fileEncoding = 4; lastKnownFileType = sourcecode.c.h; path = VideoView.h; sourceTree = "<group>"; };
		CFBBD6A613BDD711007ADECA /* TouchableViewController.h */ = {isa = PBXFileReference; fileEncoding = 4; lastKnownFileType = sourcecode.c.h; path = TouchableViewController.h; sourceTree = "<group>"; };
		CFBBD6A913BDD711007ADECA /* TransparentUIView.h */ = {isa = PBXFileReference; fileEncoding = 4; lastKnownFileType = sourcecode.c.h; path = TransparentUIView.h; sourceTree = "<group>"; };
		CFBBD6AC13BDD711007ADECA /* TransparentUIWebView.h */ = {isa = PBXFileReference; fileEncoding = 4; lastKnownFileType = sourcecode.c.h; path = TransparentUIWebView.h; sourceTree = "<group>"; };
		CFBBD6D813BDD7C4007ADECA /* GADBannerView.h */ = {isa = PBXFileReference; fileEncoding = 4; lastKnownFileType = sourcecode.c.h; path = GADBannerView.h; sourceTree = "<group>"; };
		CFBBD6D913BDD7C4007ADECA /* GADBannerViewDelegate.h */ = {isa = PBXFileReference; fileEncoding = 4; lastKnownFileType = sourcecode.c.h; path = GADBannerViewDelegate.h; sourceTree = "<group>"; };
		CFBBD6DA13BDD7C4007ADECA /* GADInterstitial.h */ = {isa = PBXFileReference; fileEncoding = 4; lastKnownFileType = sourcecode.c.h; path = GADInterstitial.h; sourceTree = "<group>"; };
		CFBBD6DB13BDD7C4007ADECA /* GADInterstitialDelegate.h */ = {isa = PBXFileReference; fileEncoding = 4; lastKnownFileType = sourcecode.c.h; path = GADInterstitialDelegate.h; sourceTree = "<group>"; };
		CFBBD6DC13BDD7C4007ADECA /* GADRequest.h */ = {isa = PBXFileReference; fileEncoding = 4; lastKnownFileType = sourcecode.c.h; path = GADRequest.h; sourceTree = "<group>"; };
		CFBBD6DD13BDD7C4007ADECA /* GADRequestError.h */ = {isa = PBXFileReference; fileEncoding = 4; lastKnownFileType = sourcecode.c.h; path = GADRequestError.h; sourceTree = "<group>"; };
		CFBBD6E113BDD7C4007ADECA /* ASIAuthenticationDialog.h */ = {isa = PBXFileReference; fileEncoding = 4; lastKnownFileType = sourcecode.c.h; path = ASIAuthenticationDialog.h; sourceTree = "<group>"; };
		CFBBD6E313BDD7C4007ADECA /* ASICacheDelegate.h */ = {isa = PBXFileReference; fileEncoding = 4; lastKnownFileType = sourcecode.c.h; path = ASICacheDelegate.h; sourceTree = "<group>"; };
		CFBBD6E413BDD7C4007ADECA /* ASIDataCompressor.h */ = {isa = PBXFileReference; fileEncoding = 4; lastKnownFileType = sourcecode.c.h; path = ASIDataCompressor.h; sourceTree = "<group>"; };
		CFBBD6E613BDD7C4007ADECA /* ASIDataDecompressor.h */ = {isa = PBXFileReference; fileEncoding = 4; lastKnownFileType = sourcecode.c.h; path = ASIDataDecompressor.h; sourceTree = "<group>"; };
		CFBBD6E813BDD7C4007ADECA /* ASIDownloadCache.h */ = {isa = PBXFileReference; fileEncoding = 4; lastKnownFileType = sourcecode.c.h; path = ASIDownloadCache.h; sourceTree = "<group>"; };
		CFBBD6EA13BDD7C4007ADECA /* ASIFormDataRequest.h */ = {isa = PBXFileReference; fileEncoding = 4; lastKnownFileType = sourcecode.c.h; path = ASIFormDataRequest.h; sourceTree = "<group>"; };
		CFBBD6EC13BDD7C4007ADECA /* ASIHTTPRequest.h */ = {isa = PBXFileReference; fileEncoding = 4; lastKnownFileType = sourcecode.c.h; path = ASIHTTPRequest.h; sourceTree = "<group>"; };
		CFBBD6EE13BDD7C4007ADECA /* ASIHTTPRequestConfig.h */ = {isa = PBXFileReference; fileEncoding = 4; lastKnownFileType = sourcecode.c.h; path = ASIHTTPRequestConfig.h; sourceTree = "<group>"; };
		CFBBD6EF13BDD7C4007ADECA /* ASIHTTPRequestDelegate.h */ = {isa = PBXFileReference; fileEncoding = 4; lastKnownFileType = sourcecode.c.h; path = ASIHTTPRequestDelegate.h; sourceTree = "<group>"; };
		CFBBD6F013BDD7C4007ADECA /* ASIInputStream.h */ = {isa = PBXFileReference; fileEncoding = 4; lastKnownFileType = sourcecode.c.h; path = ASIInputStream.h; sourceTree = "<group>"; };
		CFBBD6F213BDD7C4007ADECA /* ASINetworkQueue.h */ = {isa = PBXFileReference; fileEncoding = 4; lastKnownFileType = sourcecode.c.h; path = ASINetworkQueue.h; sourceTree = "<group>"; };
		CFBBD6F413BDD7C4007ADECA /* ASIProgressDelegate.h */ = {isa = PBXFileReference; fileEncoding = 4; lastKnownFileType = sourcecode.c.h; path = ASIProgressDelegate.h; sourceTree = "<group>"; };
		CFBBD6F613BDD7C4007ADECA /* GreystripeDelegate.h */ = {isa = PBXFileReference; fileEncoding = 4; lastKnownFileType = sourcecode.c.h; path = GreystripeDelegate.h; sourceTree = "<group>"; };
		CFBBD6F713BDD7C4007ADECA /* GSAdEngine.h */ = {isa = PBXFileReference; fileEncoding = 4; lastKnownFileType = sourcecode.c.h; path = GSAdEngine.h; sourceTree = "<group>"; };
		CFBBD6F813BDD7C4007ADECA /* GSAdView.h */ = {isa = PBXFileReference; fileEncoding = 4; lastKnownFileType = sourcecode.c.h; path = GSAdView.h; sourceTree = "<group>"; };
		CFBBD6FD13BDD7C4007ADECA /* VDOAds.h */ = {isa = PBXFileReference; fileEncoding = 4; lastKnownFileType = sourcecode.c.h; path = VDOAds.h; sourceTree = "<group>"; };
		CFBBD6FF13BDD7C4007ADECA /* JSON.h */ = {isa = PBXFileReference; fileEncoding = 4; lastKnownFileType = sourcecode.c.h; path = JSON.h; sourceTree = "<group>"; };
		CFBBD70013BDD7C4007ADECA /* NSObject+SBJSON.h */ = {isa = PBXFileReference; fileEncoding = 4; lastKnownFileType = sourcecode.c.h; path = "NSObject+SBJSON.h"; sourceTree = "<group>"; };
		CFBBD70213BDD7C4007ADECA /* NSString+SBJSON.h */ = {isa = PBXFileReference; fileEncoding = 4; lastKnownFileType = sourcecode.c.h; path = "NSString+SBJSON.h"; sourceTree = "<group>"; };
		CFBBD70413BDD7C4007ADECA /* SBJSON.h */ = {isa = PBXFileReference; fileEncoding = 4; lastKnownFileType = sourcecode.c.h; path = SBJSON.h; sourceTree = "<group>"; };
		CFBBD70613BDD7C4007ADECA /* SBJsonBase.h */ = {isa = PBXFileReference; fileEncoding = 4; lastKnownFileType = sourcecode.c.h; path = SBJsonBase.h; sourceTree = "<group>"; };
		CFBBD70813BDD7C4007ADECA /* SBJsonParser.h */ = {isa = PBXFileReference; fileEncoding = 4; lastKnownFileType = sourcecode.c.h; path = SBJsonParser.h; sourceTree = "<group>"; };
		CFBBD70A13BDD7C4007ADECA /* SBJsonWriter.h */ = {isa = PBXFileReference; fileEncoding = 4; lastKnownFileType = sourcecode.c.h; path = SBJsonWriter.h; sourceTree = "<group>"; };
		CFBBD70E13BDD7C4007ADECA /* MMAdView.h */ = {isa = PBXFileReference; fileEncoding = 4; lastKnownFileType = sourcecode.c.h; path = MMAdView.h; sourceTree = "<group>"; };
		CFBBD71113BDD7C4007ADECA /* GTMDefines.h */ = {isa = PBXFileReference; fileEncoding = 4; lastKnownFileType = sourcecode.c.h; path = GTMDefines.h; sourceTree = "<group>"; };
		CFBBD71213BDD7C4007ADECA /* GTMNSString+HTML.h */ = {isa = PBXFileReference; fileEncoding = 4; lastKnownFileType = sourcecode.c.h; path = "GTMNSString+HTML.h"; sourceTree = "<group>"; };
		CFBBD71513BDD7C4007ADECA /* QSFileManager.h */ = {isa = PBXFileReference; fileEncoding = 4; lastKnownFileType = sourcecode.c.h; path = QSFileManager.h; sourceTree = "<group>"; };
		CFBBD71713BDD7C4007ADECA /* QSHttpClient.h */ = {isa = PBXFileReference; fileEncoding = 4; lastKnownFileType = sourcecode.c.h; path = QSHttpClient.h; sourceTree = "<group>"; };
		CFBBD71913BDD7C4007ADECA /* QSStrings.h */ = {isa = PBXFileReference; fileEncoding = 4; lastKnownFileType = sourcecode.c.h; path = QSStrings.h; sourceTree = "<group>"; };
		CFBBD71B13BDD7C4007ADECA /* QSUtilities.h */ = {isa = PBXFileReference; fileEncoding = 4; lastKnownFileType = sourcecode.c.h; path = QSUtilities.h; sourceTree = "<group>"; };
		CFBBD71E13BDD7C4007ADECA /* Reachability.h */ = {isa = PBXFileReference; fileEncoding = 4; lastKnownFileType = sourcecode.c.h; path = Reachability.h; sourceTree = "<group>"; };
		CFBBD72213BDD7C4007ADECA /* RhythmAd.h */ = {isa = PBXFileReference; fileEncoding = 4; lastKnownFileType = sourcecode.c.h; path = RhythmAd.h; sourceTree = "<group>"; };
		CFBBD72313BDD7C4007ADECA /* RhythmAdDelegate.h */ = {isa = PBXFileReference; fileEncoding = 4; lastKnownFileType = sourcecode.c.h; path = RhythmAdDelegate.h; sourceTree = "<group>"; };
		CFBBD72413BDD7C4007ADECA /* RhythmVideoAdDelegate.h */ = {isa = PBXFileReference; fileEncoding = 4; lastKnownFileType = sourcecode.c.h; path = RhythmVideoAdDelegate.h; sourceTree = "<group>"; };
		CFBBD72513BDD7C4007ADECA /* RhythmVideoController.h */ = {isa = PBXFileReference; fileEncoding = 4; lastKnownFileType = sourcecode.c.h; path = RhythmVideoController.h; sourceTree = "<group>"; };
		CFBBD72613BDD7C4007ADECA /* RhythmVideoDataSource.h */ = {isa = PBXFileReference; fileEncoding = 4; lastKnownFileType = sourcecode.c.h; path = RhythmVideoDataSource.h; sourceTree = "<group>"; };
		CFBBD72713BDD7C4007ADECA /* RhythmVideoDelegate.h */ = {isa = PBXFileReference; fileEncoding = 4; lastKnownFileType = sourcecode.c.h; path = RhythmVideoDelegate.h; sourceTree = "<group>"; };
		CFBBD72A13BDD7C4007ADECA /* SmartAdServerAd.h */ = {isa = PBXFileReference; fileEncoding = 4; lastKnownFileType = sourcecode.c.h; path = SmartAdServerAd.h; sourceTree = "<group>"; };
		CFBBD72B13BDD7C4007ADECA /* SmartAdServerDelegate.h */ = {isa = PBXFileReference; fileEncoding = 4; lastKnownFileType = sourcecode.c.h; path = SmartAdServerDelegate.h; sourceTree = "<group>"; };
		CFBBD72C13BDD7C4007ADECA /* SmartAdServerView.h */ = {isa = PBXFileReference; fileEncoding = 4; lastKnownFileType = sourcecode.c.h; path = SmartAdServerView.h; sourceTree = "<group>"; };
		CFBBD73213BDD7C4007ADECA /* CoreAdditions.h */ = {isa = PBXFileReference; fileEncoding = 4; lastKnownFileType = sourcecode.c.h; path = CoreAdditions.h; sourceTree = "<group>"; };
		CFBBD73513BDD7C4007ADECA /* NSArrayAdditions.h */ = {isa = PBXFileReference; fileEncoding = 4; lastKnownFileType = sourcecode.c.h; path = NSArrayAdditions.h; sourceTree = "<group>"; };
		CFBBD73613BDD7C4007ADECA /* NSDataAdditions.h */ = {isa = PBXFileReference; fileEncoding = 4; lastKnownFileType = sourcecode.c.h; path = NSDataAdditions.h; sourceTree = "<group>"; };
		CFBBD73713BDD7C4007ADECA /* NSDateAdditions.h */ = {isa = PBXFileReference; fileEncoding = 4; lastKnownFileType = sourcecode.c.h; path = NSDateAdditions.h; sourceTree = "<group>"; };
		CFBBD73813BDD7C4007ADECA /* NSMutableArrayAdditions.h */ = {isa = PBXFileReference; fileEncoding = 4; lastKnownFileType = sourcecode.c.h; path = NSMutableArrayAdditions.h; sourceTree = "<group>"; };
		CFBBD73913BDD7C4007ADECA /* NSMutableDictionaryAdditions.h */ = {isa = PBXFileReference; fileEncoding = 4; lastKnownFileType = sourcecode.c.h; path = NSMutableDictionaryAdditions.h; sourceTree = "<group>"; };
		CFBBD73A13BDD7C4007ADECA /* NSObjectAdditions.h */ = {isa = PBXFileReference; fileEncoding = 4; lastKnownFileType = sourcecode.c.h; path = NSObjectAdditions.h; sourceTree = "<group>"; };
		CFBBD73B13BDD7C4007ADECA /* NSStringAdditions.h */ = {isa = PBXFileReference; fileEncoding = 4; lastKnownFileType = sourcecode.c.h; path = NSStringAdditions.h; sourceTree = "<group>"; };
		CFBBD73C13BDD7C4007ADECA /* Three20Core+Additions.h */ = {isa = PBXFileReference; fileEncoding = 4; lastKnownFileType = sourcecode.c.h; path = "Three20Core+Additions.h"; sourceTree = "<group>"; };
		CFBBD73D13BDD7C4007ADECA /* Three20Core.h */ = {isa = PBXFileReference; fileEncoding = 4; lastKnownFileType = sourcecode.c.h; path = Three20Core.h; sourceTree = "<group>"; };
		CFBBD73E13BDD7C4007ADECA /* Three20Core_Prefix.pch */ = {isa = PBXFileReference; fileEncoding = 4; lastKnownFileType = sourcecode.c.h; path = Three20Core_Prefix.pch; sourceTree = "<group>"; };
		CFBBD73F13BDD7C4007ADECA /* TTCorePreprocessorMacros.h */ = {isa = PBXFileReference; fileEncoding = 4; lastKnownFileType = sourcecode.c.h; path = TTCorePreprocessorMacros.h; sourceTree = "<group>"; };
		CFBBD74013BDD7C4007ADECA /* TTDebug.h */ = {isa = PBXFileReference; fileEncoding = 4; lastKnownFileType = sourcecode.c.h; path = TTDebug.h; sourceTree = "<group>"; };
		CFBBD74113BDD7C4007ADECA /* TTDebugFlags.h */ = {isa = PBXFileReference; fileEncoding = 4; lastKnownFileType = sourcecode.c.h; path = TTDebugFlags.h; sourceTree = "<group>"; };
		CFBBD74213BDD7C4007ADECA /* TTEntityTables.h */ = {isa = PBXFileReference; fileEncoding = 4; lastKnownFileType = sourcecode.c.h; path = TTEntityTables.h; sourceTree = "<group>"; };
		CFBBD74313BDD7C4007ADECA /* TTGlobalCore.h */ = {isa = PBXFileReference; fileEncoding = 4; lastKnownFileType = sourcecode.c.h; path = TTGlobalCore.h; sourceTree = "<group>"; };
		CFBBD74413BDD7C4007ADECA /* TTGlobalCoreLocale.h */ = {isa = PBXFileReference; fileEncoding = 4; lastKnownFileType = sourcecode.c.h; path = TTGlobalCoreLocale.h; sourceTree = "<group>"; };
		CFBBD74513BDD7C4007ADECA /* TTGlobalCorePaths.h */ = {isa = PBXFileReference; fileEncoding = 4; lastKnownFileType = sourcecode.c.h; path = TTGlobalCorePaths.h; sourceTree = "<group>"; };
		CFBBD74613BDD7C4007ADECA /* TTGlobalCoreRects.h */ = {isa = PBXFileReference; fileEncoding = 4; lastKnownFileType = sourcecode.c.h; path = TTGlobalCoreRects.h; sourceTree = "<group>"; };
		CFBBD74713BDD7C4007ADECA /* TTMarkupStripper.h */ = {isa = PBXFileReference; fileEncoding = 4; lastKnownFileType = sourcecode.c.h; path = TTMarkupStripper.h; sourceTree = "<group>"; };
		CFBBD76813BDD7C4007ADECA /* Three20Network.h */ = {isa = PBXFileReference; fileEncoding = 4; lastKnownFileType = sourcecode.c.h; path = Three20Network.h; sourceTree = "<group>"; };
		CFBBD76913BDD7C4007ADECA /* Three20Network_Prefix.pch */ = {isa = PBXFileReference; fileEncoding = 4; lastKnownFileType = sourcecode.c.h; path = Three20Network_Prefix.pch; sourceTree = "<group>"; };
		CFBBD76A13BDD7C4007ADECA /* TTErrorCodes.h */ = {isa = PBXFileReference; fileEncoding = 4; lastKnownFileType = sourcecode.c.h; path = TTErrorCodes.h; sourceTree = "<group>"; };
		CFBBD76B13BDD7C4007ADECA /* TTGlobalNetwork.h */ = {isa = PBXFileReference; fileEncoding = 4; lastKnownFileType = sourcecode.c.h; path = TTGlobalNetwork.h; sourceTree = "<group>"; };
		CFBBD76C13BDD7C4007ADECA /* TTModel.h */ = {isa = PBXFileReference; fileEncoding = 4; lastKnownFileType = sourcecode.c.h; path = TTModel.h; sourceTree = "<group>"; };
		CFBBD76D13BDD7C4007ADECA /* TTModelDelegate.h */ = {isa = PBXFileReference; fileEncoding = 4; lastKnownFileType = sourcecode.c.h; path = TTModelDelegate.h; sourceTree = "<group>"; };
		CFBBD76E13BDD7C4007ADECA /* TTRequestLoader.h */ = {isa = PBXFileReference; fileEncoding = 4; lastKnownFileType = sourcecode.c.h; path = TTRequestLoader.h; sourceTree = "<group>"; };
		CFBBD76F13BDD7C4007ADECA /* TTURLCache.h */ = {isa = PBXFileReference; fileEncoding = 4; lastKnownFileType = sourcecode.c.h; path = TTURLCache.h; sourceTree = "<group>"; };
		CFBBD77013BDD7C4007ADECA /* TTURLDataResponse.h */ = {isa = PBXFileReference; fileEncoding = 4; lastKnownFileType = sourcecode.c.h; path = TTURLDataResponse.h; sourceTree = "<group>"; };
		CFBBD77113BDD7C4007ADECA /* TTURLImageResponse.h */ = {isa = PBXFileReference; fileEncoding = 4; lastKnownFileType = sourcecode.c.h; path = TTURLImageResponse.h; sourceTree = "<group>"; };
		CFBBD77213BDD7C4007ADECA /* TTURLRequest.h */ = {isa = PBXFileReference; fileEncoding = 4; lastKnownFileType = sourcecode.c.h; path = TTURLRequest.h; sourceTree = "<group>"; };
		CFBBD77313BDD7C4007ADECA /* TTURLRequestCachePolicy.h */ = {isa = PBXFileReference; fileEncoding = 4; lastKnownFileType = sourcecode.c.h; path = TTURLRequestCachePolicy.h; sourceTree = "<group>"; };
		CFBBD77413BDD7C4007ADECA /* TTURLRequestDelegate.h */ = {isa = PBXFileReference; fileEncoding = 4; lastKnownFileType = sourcecode.c.h; path = TTURLRequestDelegate.h; sourceTree = "<group>"; };
		CFBBD77513BDD7C4007ADECA /* TTURLRequestModel.h */ = {isa = PBXFileReference; fileEncoding = 4; lastKnownFileType = sourcecode.c.h; path = TTURLRequestModel.h; sourceTree = "<group>"; };
		CFBBD77613BDD7C4007ADECA /* TTURLRequestQueue.h */ = {isa = PBXFileReference; fileEncoding = 4; lastKnownFileType = sourcecode.c.h; path = TTURLRequestQueue.h; sourceTree = "<group>"; };
		CFBBD77713BDD7C4007ADECA /* TTURLRequestQueueInternal.h */ = {isa = PBXFileReference; fileEncoding = 4; lastKnownFileType = sourcecode.c.h; path = TTURLRequestQueueInternal.h; sourceTree = "<group>"; };
		CFBBD77813BDD7C4007ADECA /* TTURLResponse.h */ = {isa = PBXFileReference; fileEncoding = 4; lastKnownFileType = sourcecode.c.h; path = TTURLResponse.h; sourceTree = "<group>"; };
		CFBBD77913BDD7C4007ADECA /* TTUserInfo.h */ = {isa = PBXFileReference; fileEncoding = 4; lastKnownFileType = sourcecode.c.h; path = TTUserInfo.h; sourceTree = "<group>"; };
		CFBBD79613BDD7C4007ADECA /* CDataScanner.h */ = {isa = PBXFileReference; fileEncoding = 4; lastKnownFileType = sourcecode.c.h; path = CDataScanner.h; sourceTree = "<group>"; };
		CFBBD79913BDD7C4007ADECA /* CDataScanner_Extensions.h */ = {isa = PBXFileReference; fileEncoding = 4; lastKnownFileType = sourcecode.c.h; path = CDataScanner_Extensions.h; sourceTree = "<group>"; };
		CFBBD79B13BDD7C4007ADECA /* NSCharacterSet_Extensions.h */ = {isa = PBXFileReference; fileEncoding = 4; lastKnownFileType = sourcecode.c.h; path = NSCharacterSet_Extensions.h; sourceTree = "<group>"; };
		CFBBD79D13BDD7C4007ADECA /* NSDictionary_JSONExtensions.h */ = {isa = PBXFileReference; fileEncoding = 4; lastKnownFileType = sourcecode.c.h; path = NSDictionary_JSONExtensions.h; sourceTree = "<group>"; };
		CFBBD79F13BDD7C4007ADECA /* NSScanner_Extensions.h */ = {isa = PBXFileReference; fileEncoding = 4; lastKnownFileType = sourcecode.c.h; path = NSScanner_Extensions.h; sourceTree = "<group>"; };
		CFBBD7A213BDD7C4007ADECA /* CJSONDataSerializer.h */ = {isa = PBXFileReference; fileEncoding = 4; lastKnownFileType = sourcecode.c.h; path = CJSONDataSerializer.h; sourceTree = "<group>"; };
		CFBBD7A413BDD7C4007ADECA /* CJSONDeserializer.h */ = {isa = PBXFileReference; fileEncoding = 4; lastKnownFileType = sourcecode.c.h; path = CJSONDeserializer.h; sourceTree = "<group>"; };
		CFBBD7A613BDD7C4007ADECA /* CJSONScanner.h */ = {isa = PBXFileReference; fileEncoding = 4; lastKnownFileType = sourcecode.c.h; path = CJSONScanner.h; sourceTree = "<group>"; };
		CFBBD7A813BDD7C4007ADECA /* CJSONSerializer.h */ = {isa = PBXFileReference; fileEncoding = 4; lastKnownFileType = sourcecode.c.h; path = CJSONSerializer.h; sourceTree = "<group>"; };
		CFBBD7AA13BDD7C4007ADECA /* CSerializedJSONData.h */ = {isa = PBXFileReference; fileEncoding = 4; lastKnownFileType = sourcecode.c.h; path = CSerializedJSONData.h; sourceTree = "<group>"; };
		CFD07025130A5AB700915735 /* Icon@2x.png */ = {isa = PBXFileReference; lastKnownFileType = image.png; path = "Icon@2x.png"; sourceTree = "<group>"; };
		CFD07026130A5AB700915735 /* Icon.png */ = {isa = PBXFileReference; lastKnownFileType = image.png; path = Icon.png; sourceTree = "<group>"; };
		CFD07029130A5AB700915735 /* Icon-72.png */ = {isa = PBXFileReference; lastKnownFileType = image.png; path = "Icon-72.png"; sourceTree = "<group>"; };
		FC428BEF13EFBCC0001B3B6E /* SAS.bundle */ = {isa = PBXFileReference; lastKnownFileType = "wrapper.plug-in"; path = SAS.bundle; sourceTree = "<group>"; };
		FCA6CCAF1410F63A000D9956 /* CoreTelephony.framework */ = {isa = PBXFileReference; lastKnownFileType = wrapper.framework; name = CoreTelephony.framework; path = Platforms/iPhoneOS.platform/Developer/SDKs/iPhoneOS4.3.sdk/System/Library/Frameworks/CoreTelephony.framework; sourceTree = DEVELOPER_DIR; };
		FCB54BC31423125200867C7E /* EventKit.framework */ = {isa = PBXFileReference; lastKnownFileType = wrapper.framework; name = EventKit.framework; path = Platforms/iPhoneOS.platform/Developer/SDKs/iPhoneOS4.3.sdk/System/Library/Frameworks/EventKit.framework; sourceTree = DEVELOPER_DIR; };
		FCF61E4F1414FBA1007B0BCA /* SimpleBannerRetinaViewController.h */ = {isa = PBXFileReference; fileEncoding = 4; lastKnownFileType = sourcecode.c.h; path = SimpleBannerRetinaViewController.h; sourceTree = "<group>"; };
		FCF61E501414FBA1007B0BCA /* SimpleBannerRetinaViewController.m */ = {isa = PBXFileReference; fileEncoding = 4; lastKnownFileType = sourcecode.c.objc; path = SimpleBannerRetinaViewController.m; sourceTree = "<group>"; };
/* End PBXFileReference section */

/* Begin PBXFrameworksBuildPhase section */
		1D60588F0D05DD3D006BFB54 /* Frameworks */ = {
			isa = PBXFrameworksBuildPhase;
			buildActionMask = 2147483647;
			files = (
				CF64F48513D992E500A4F1B5 /* libsqlite3.0.dylib in Frameworks */,
				CF64F48613D992E500A4F1B5 /* libz.dylib in Frameworks */,
				CF19F9C913B4B21B001D1C81 /* CoreMotion.framework in Frameworks */,
				CF19F9CB13B4B21B001D1C81 /* OpenGLES.framework in Frameworks */,
				CF19F9C313B4B1FC001D1C81 /* MediaPlayer.framework in Frameworks */,
				CF19F9C413B4B1FC001D1C81 /* QuartzCore.framework in Frameworks */,
				CF19F9C513B4B1FC001D1C81 /* SystemConfiguration.framework in Frameworks */,
				CF19F9BC13B4B1D9001D1C81 /* CFNetwork.framework in Frameworks */,
				CF19F9BD13B4B1D9001D1C81 /* CoreGraphics.framework in Frameworks */,
				CF19F9CA13B4B21B001D1C81 /* CoreTelephony.framework in Frameworks */,
				CF19F9BE13B4B1D9001D1C81 /* Foundation.framework in Frameworks */,
				FCB54BC41423125200867C7E /* EventKit.framework in Frameworks */,
				CF19F9BF13B4B1D9001D1C81 /* UIKit.framework in Frameworks */,
				CF19F9B613B4B1A9001D1C81 /* AudioToolbox.framework in Frameworks */,
				CF19F9B213B4B17A001D1C81 /* AVFoundation.framework in Frameworks */,
				CF19F9B313B4B17A001D1C81 /* MessageUI.framework in Frameworks */,
				CFED897913B0C4DC00761B9C /* libAdMobileSDK.a in Frameworks */,
			);
			runOnlyForDeploymentPostprocessing = 0;
		};
/* End PBXFrameworksBuildPhase section */

/* Begin PBXGroup section */
		080E96DDFE201D6D7F000001 /* Classes */ = {
			isa = PBXGroup;
			children = (
				CF0B88F513CFFDAE00BDCDDA /* AdMobileSDK */,
				16BB05A212094E8200DBCF9A /* Advanced */,
				16D10198120844220059D8EB /* Animation examples */,
				1619F3AF1206D19F00BEA21D /* Simple */,
				1D3623240D0F684500981E51 /* AdMobileSamplesAppDelegate.h */,
				1D3623250D0F684500981E51 /* AdMobileSamplesAppDelegate.m */,
				28D7ACF60DDB3853001CB0EB /* AdMobileSamplesViewController.h */,
				28D7ACF70DDB3853001CB0EB /* AdMobileSamplesViewController.m */,
				167994291206DD1A00AE330E /* Settings.h */,
			);
			path = Classes;
			sourceTree = "<group>";
		};
		1619F3AF1206D19F00BEA21D /* Simple */ = {
			isa = PBXGroup;
			children = (
				FCF61E4E1414FB4C007B0BCA /* Simple Banner (Retina) */,
				ACC770251382B7EC005074D8 /* ORMMA */,
				CF840589130E990B00EC0AF8 /* RichJS */,
				CF840381130E679D00EC0AF8 /* OpenGL */,
				167994951206E7AC00AE330E /* Video */,
				167994631206E25B00AE330E /* Interstitial */,
				1619F3C81206D34B00BEA21D /* Simple Banner */,
			);
			name = Simple;
			sourceTree = "<group>";
		};
		1619F3C81206D34B00BEA21D /* Simple Banner */ = {
			isa = PBXGroup;
			children = (
				1619F3C91206D36400BEA21D /* SimpleBannerViewController.h */,
				1619F3CA1206D36400BEA21D /* SimpleBannerViewController.m */,
			);
			name = "Simple Banner";
			sourceTree = "<group>";
		};
		16411991120991A700A2D460 /* TableViewAnimation */ = {
			isa = PBXGroup;
			children = (
				16411992120991CA00A2D460 /* TableViewAnimationViewController.h */,
				16411993120991CA00A2D460 /* TableViewAnimationViewController.m */,
			);
			name = TableViewAnimation;
			sourceTree = "<group>";
		};
		167994221206DBD100AE330E /* Simple Banner Animation */ = {
			isa = PBXGroup;
			children = (
				164E231F1206EFE200FF5FD0 /* BannerAnimationViewController.h */,
				164E23201206EFE200FF5FD0 /* BannerAnimationViewController.m */,
			);
			name = "Simple Banner Animation";
			sourceTree = "<group>";
		};
		167994631206E25B00AE330E /* Interstitial */ = {
			isa = PBXGroup;
			children = (
				167994671206E28500AE330E /* InterstitialViewController.h */,
				167994681206E28500AE330E /* InterstitialViewController.m */,
			);
			name = Interstitial;
			sourceTree = "<group>";
		};
		167994951206E7AC00AE330E /* Video */ = {
			isa = PBXGroup;
			children = (
				167994961206E7BB00AE330E /* VideoViewController.h */,
				167994971206E7BB00AE330E /* VideoViewController.m */,
			);
			name = Video;
			sourceTree = "<group>";
		};
		16BB05A212094E8200DBCF9A /* Advanced */ = {
			isa = PBXGroup;
			children = (
				CFBBD62E13BDC715007ADECA /* Testing */,
				CF0DF275130BD7E9005A6FB3 /* Debug */,
				CF2C608412FC2E2600A103C5 /* RotationAdView */,
				AD0ECA2C120C1B10008216A6 /* Delegate */,
				16BB05AB12094F2800DBCF9A /* Video with Interstitial */,
				16BB05A812094EAE00DBCF9A /* TableViewCell */,
			);
			name = Advanced;
			sourceTree = "<group>";
		};
		16BB05A812094EAE00DBCF9A /* TableViewCell */ = {
			isa = PBXGroup;
			children = (
				16BB05AD1209513600DBCF9A /* TableViewCellSampleViewController.h */,
				16BB05AE1209513600DBCF9A /* TableViewCellSampleViewController.m */,
			);
			name = TableViewCell;
			sourceTree = "<group>";
		};
		16BB05AB12094F2800DBCF9A /* Video with Interstitial */ = {
			isa = PBXGroup;
			children = (
				16411A5E12099C1800A2D460 /* VideoWithInterstitilaViewController.h */,
				16411A5F12099C1800A2D460 /* VideoWithInterstitilaViewController.m */,
			);
			name = "Video with Interstitial";
			sourceTree = "<group>";
		};
		16D10198120844220059D8EB /* Animation examples */ = {
			isa = PBXGroup;
			children = (
				16411991120991A700A2D460 /* TableViewAnimation */,
				167994221206DBD100AE330E /* Simple Banner Animation */,
			);
			name = "Animation examples";
			sourceTree = "<group>";
		};
		19C28FACFE9D520D11CA2CBB /* Products */ = {
			isa = PBXGroup;
			children = (
				1D6058910D05DD3D006BFB54 /* AdMobileSamples.app */,
			);
			name = Products;
			sourceTree = "<group>";
		};
		29B97314FDCFA39411CA2CEA /* CustomTemplate */ = {
			isa = PBXGroup;
			children = (
				080E96DDFE201D6D7F000001 /* Classes */,
				29B97315FDCFA39411CA2CEA /* Other Sources */,
				29B97317FDCFA39411CA2CEA /* Resources */,
				29B97323FDCFA39411CA2CEA /* Frameworks */,
				19C28FACFE9D520D11CA2CBB /* Products */,
			);
			name = CustomTemplate;
			sourceTree = "<group>";
		};
		29B97315FDCFA39411CA2CEA /* Other Sources */ = {
			isa = PBXGroup;
			children = (
				32CA4F630368D1EE00C91783 /* AdMobileSamples_Prefix.pch */,
				29B97316FDCFA39411CA2CEA /* main.m */,
			);
			name = "Other Sources";
			sourceTree = "<group>";
		};
		29B97317FDCFA39411CA2CEA /* Resources */ = {
			isa = PBXGroup;
			children = (
				CF6313141345BF7F00399622 /* Default-Portrait.png */,
				CF63130F1345BBED00399622 /* Default@2x.png */,
				CF6313101345BBED00399622 /* Default.png */,
				CF1ABF24130E608000A6859F /* Shaders */,
				CFD07025130A5AB700915735 /* Icon@2x.png */,
				CFD07026130A5AB700915735 /* Icon.png */,
				CFD07029130A5AB700915735 /* Icon-72.png */,
				ADAF1C721268775200AD88B8 /* DefaultImage (320x50).png */,
				ADAF1C6E126876F600AD88B8 /* DefaultImage (320x240).png */,
				2899E5210DE3E06400AC0155 /* AdMobileSamplesViewController.xib */,
				28AD733E0D9D9553002E5188 /* MainWindow.xib */,
				8D1107310486CEB800E47090 /* AdMobileSamples-Info.plist */,
			);
			name = Resources;
			sourceTree = "<group>";
		};
		29B97323FDCFA39411CA2CEA /* Frameworks */ = {
			isa = PBXGroup;
			children = (
				FCA6CCAF1410F63A000D9956 /* CoreTelephony.framework */,
				CF19F9B413B4B1A9001D1C81 /* AudioToolbox.framework */,
				CF19F9B013B4B17A001D1C81 /* AVFoundation.framework */,
				CF19F9B813B4B1D9001D1C81 /* CFNetwork.framework */,
				CF19F9B913B4B1D9001D1C81 /* CoreGraphics.framework */,
				CF19F9C613B4B21B001D1C81 /* CoreMotion.framework */,
				CF19F9C713B4B21B001D1C81 /* CoreTelephony.framework */,
				FCB54BC31423125200867C7E /* EventKit.framework */,
				CF19F9C813B4B21B001D1C81 /* OpenGLES.framework */,
				CF64F48313D992E500A4F1B5 /* libsqlite3.0.dylib */,
				CF64F48413D992E500A4F1B5 /* libz.dylib */,
				CF19F9C013B4B1FC001D1C81 /* MediaPlayer.framework */,
				CF19F9B113B4B17A001D1C81 /* MessageUI.framework */,
				CF19F9C113B4B1FC001D1C81 /* QuartzCore.framework */,
				CF19F9C213B4B1FC001D1C81 /* SystemConfiguration.framework */,
				CF19F9BA13B4B1D9001D1C81 /* Foundation.framework */,
				CF19F9BB13B4B1D9001D1C81 /* UIKit.framework */,
			);
			name = Frameworks;
			sourceTree = "<group>";
		};
		ACC770251382B7EC005074D8 /* ORMMA */ = {
			isa = PBXGroup;
			children = (
				ACC770261382B7F9005074D8 /* ORMMAViewController.h */,
				ACC770271382B7F9005074D8 /* ORMMAViewController.m */,
			);
			name = ORMMA;
			sourceTree = "<group>";
		};
		AD0ECA2C120C1B10008216A6 /* Delegate */ = {
			isa = PBXGroup;
			children = (
				AD0ECA2D120C1B38008216A6 /* DelegateViewController.h */,
				AD0ECA2E120C1B38008216A6 /* DelegateViewController.m */,
			);
			name = Delegate;
			sourceTree = "<group>";
		};
		CF08E18613B3674F00653A17 /* Public */ = {
			isa = PBXGroup;
			children = (
				CF08E18713B3674F00653A17 /* AdDelegate.h */,
				CF08E18813B3674F00653A17 /* AdInterstitialView.h */,
				CF08E18913B3674F00653A17 /* AdView.h */,
			);
			name = Public;
			path = ../../../Sources/Classes/Public;
			sourceTree = "<group>";
		};
		CF0B88F513CFFDAE00BDCDDA /* AdMobileSDK */ = {
			isa = PBXGroup;
			children = (
				CF08E18613B3674F00653A17 /* Public */,
				FC428BEE13EFBCC0001B3B6E /* Bundles */,
				CFBA6DF713B0599800CCE607 /* AdMobileSDK.xcodeproj */,
				CFBBD63213BDD16D007ADECA /* Private */,
			);
			name = AdMobileSDK;
			sourceTree = "<group>";
		};
		CF0DF275130BD7E9005A6FB3 /* Debug */ = {
			isa = PBXGroup;
			children = (
				CF0DF282130BD868005A6FB3 /* DebugViewController.h */,
				CF0DF281130BD868005A6FB3 /* DebugViewController.m */,
			);
			name = Debug;
			sourceTree = "<group>";
		};
		CF1ABF24130E608000A6859F /* Shaders */ = {
			isa = PBXGroup;
			children = (
				CF1ABF25130E608000A6859F /* Shader.fsh */,
				CF1ABF26130E608000A6859F /* Shader.vsh */,
			);
			path = Shaders;
			sourceTree = "<group>";
		};
		CF2C608412FC2E2600A103C5 /* RotationAdView */ = {
			isa = PBXGroup;
			children = (
				CF2C608512FC2E4400A103C5 /* RotationAdViewController.h */,
				CF2C608612FC2E4400A103C5 /* RotationAdViewController.m */,
			);
			name = RotationAdView;
			sourceTree = "<group>";
		};
		CF840381130E679D00EC0AF8 /* OpenGL */ = {
			isa = PBXGroup;
			children = (
				CF840383130E67B200EC0AF8 /* OpenGLViewController.h */,
				CF840382130E67B200EC0AF8 /* OpenGLViewController.m */,
				CF840385130E67B200EC0AF8 /* EAGLView.h */,
				CF840384130E67B200EC0AF8 /* EAGLView.m */,
			);
			name = OpenGL;
			sourceTree = "<group>";
		};
		CF840589130E990B00EC0AF8 /* RichJS */ = {
			isa = PBXGroup;
			children = (
				CF84058A130E992300EC0AF8 /* RichJSadViewController.h */,
				CF84058B130E992300EC0AF8 /* RichJSadViewController.m */,
			);
			name = RichJS;
			sourceTree = "<group>";
		};
		CFBA6DF813B0599800CCE607 /* Products */ = {
			isa = PBXGroup;
			children = (
				CFBA6E0013B0599900CCE607 /* libAdMobileSDK.a */,
				CFAEF44A13D00D9C00355C81 /* libAdMobileSDK doc generation.a */,
			);
			name = Products;
			sourceTree = "<group>";
		};
		CFBBD62E13BDC715007ADECA /* Testing */ = {
			isa = PBXGroup;
			children = (
				CFBBD62F13BDC73D007ADECA /* TestingViewController.h */,
				CFBBD63013BDC73D007ADECA /* TestingViewController.m */,
			);
			name = Testing;
			sourceTree = "<group>";
		};
		CFBBD63213BDD16D007ADECA /* Private */ = {
			isa = PBXGroup;
			children = (
				CFBBD6D613BDD7C4007ADECA /* Libs */,
				CFBBD63713BDD711007ADECA /* Shared */,
				CFBBD67313BDD711007ADECA /* Ad */,
			);
			name = Private;
			sourceTree = "<group>";
		};
		CFBBD63713BDD711007ADECA /* Shared */ = {
			isa = PBXGroup;
			children = (
				CFBBD63813BDD711007ADECA /* Controller */,
				CFBBD63B13BDD711007ADECA /* Core */,
				CFBBD66513BDD711007ADECA /* Model */,
				CFBBD66813BDD711007ADECA /* Views */,
			);
			name = Shared;
			path = ../../../Sources/Classes/Shared;
			sourceTree = "<group>";
		};
		CFBBD63813BDD711007ADECA /* Controller */ = {
			isa = PBXGroup;
			children = (
				CFBBD63913BDD711007ADECA /* AdController.h */,
			);
			path = Controller;
			sourceTree = "<group>";
		};
		CFBBD63B13BDD711007ADECA /* Core */ = {
			isa = PBXGroup;
			children = (
				CFBBD63C13BDD711007ADECA /* FileManager */,
				CFBBD63F13BDD711007ADECA /* InstallManager */,
				CFBBD64213BDD711007ADECA /* LocationManager */,
				CFBBD64513BDD711007ADECA /* Logger */,
				CFBBD64A13BDD711007ADECA /* Network */,
				CFBBD65713BDD711007ADECA /* NotificationCenter */,
				CFBBD65E13BDD711007ADECA /* Utils */,
				CFBBD66213BDD711007ADECA /* WebKit */,
			);
			path = Core;
			sourceTree = "<group>";
		};
		CFBBD63C13BDD711007ADECA /* FileManager */ = {
			isa = PBXGroup;
			children = (
				CFBBD63D13BDD711007ADECA /* FileManager.h */,
			);
			path = FileManager;
			sourceTree = "<group>";
		};
		CFBBD63F13BDD711007ADECA /* InstallManager */ = {
			isa = PBXGroup;
			children = (
				CFBBD64013BDD711007ADECA /* InstallManager.h */,
			);
			path = InstallManager;
			sourceTree = "<group>";
		};
		CFBBD64213BDD711007ADECA /* LocationManager */ = {
			isa = PBXGroup;
			children = (
				CFBBD64313BDD711007ADECA /* LocationManager.h */,
			);
			path = LocationManager;
			sourceTree = "<group>";
		};
		CFBBD64513BDD711007ADECA /* Logger */ = {
			isa = PBXGroup;
			children = (
				CFBBD64613BDD711007ADECA /* LogBasicFormatter.h */,
				CFBBD64813BDD711007ADECA /* Logger.h */,
			);
			path = Logger;
			sourceTree = "<group>";
		};
		CFBBD64A13BDD711007ADECA /* Network */ = {
			isa = PBXGroup;
			children = (
				CFBBD64B13BDD711007ADECA /* CacheController */,
				CFBBD64E13BDD711007ADECA /* Download */,
				CFBBD65113BDD711007ADECA /* Requests */,
				CFBBD65413BDD711007ADECA /* Updates */,
			);
			path = Network;
			sourceTree = "<group>";
		};
		CFBBD64B13BDD711007ADECA /* CacheController */ = {
			isa = PBXGroup;
			children = (
				CFBBD64C13BDD711007ADECA /* CacheController.h */,
			);
			path = CacheController;
			sourceTree = "<group>";
		};
		CFBBD64E13BDD711007ADECA /* Download */ = {
			isa = PBXGroup;
			children = (
				CFBBD64F13BDD711007ADECA /* DownloadController.h */,
			);
			path = Download;
			sourceTree = "<group>";
		};
		CFBBD65113BDD711007ADECA /* Requests */ = {
			isa = PBXGroup;
			children = (
				CFBBD65213BDD711007ADECA /* AdRequests.h */,
			);
			path = Requests;
			sourceTree = "<group>";
		};
		CFBBD65413BDD711007ADECA /* Updates */ = {
			isa = PBXGroup;
			children = (
				CFBBD65513BDD711007ADECA /* AdUpdater.h */,
			);
			path = Updates;
			sourceTree = "<group>";
		};
		CFBBD65713BDD711007ADECA /* NotificationCenter */ = {
			isa = PBXGroup;
			children = (
				CFBBD65813BDD711007ADECA /* NotificationAtlas.h */,
				CFBBD65A13BDD711007ADECA /* NotificationCenter.h */,
				CFBBD65C13BDD711007ADECA /* NotificationCenterAdditions.h */,
			);
			path = NotificationCenter;
			sourceTree = "<group>";
		};
		CFBBD65E13BDD711007ADECA /* Utils */ = {
			isa = PBXGroup;
			children = (
				CFBBD65F13BDD711007ADECA /* Constants.h */,
				CFBBD66013BDD711007ADECA /* Utils.h */,
			);
			path = Utils;
			sourceTree = "<group>";
		};
		CFBBD66213BDD711007ADECA /* WebKit */ = {
			isa = PBXGroup;
			children = (
				CFBBD66313BDD711007ADECA /* WebKitInfo.h */,
			);
			path = WebKit;
			sourceTree = "<group>";
		};
		CFBBD66513BDD711007ADECA /* Model */ = {
			isa = PBXGroup;
			children = (
				CFBBD66613BDD711007ADECA /* SharedModel.h */,
			);
			path = Model;
			sourceTree = "<group>";
		};
		CFBBD66813BDD711007ADECA /* Views */ = {
			isa = PBXGroup;
			children = (
				CFBBD66913BDD711007ADECA /* GreystripeSharedAdaptor */,
				CFBBD66C13BDD711007ADECA /* InternalBrowser */,
				CFBBD66F13BDD711007ADECA /* UIViewAdditions.h */,
				CFBBD67113BDD711007ADECA /* UIWebViewAdditions.h */,
			);
			path = Views;
			sourceTree = "<group>";
		};
		CFBBD66913BDD711007ADECA /* GreystripeSharedAdaptor */ = {
			isa = PBXGroup;
			children = (
				CFBBD66A13BDD711007ADECA /* GreystripeSharedAdaptor.h */,
			);
			path = GreystripeSharedAdaptor;
			sourceTree = "<group>";
		};
		CFBBD66C13BDD711007ADECA /* InternalBrowser */ = {
			isa = PBXGroup;
			children = (
				CFBBD66D13BDD711007ADECA /* InternalBrowser.h */,
			);
			path = InternalBrowser;
			sourceTree = "<group>";
		};
		CFBBD67313BDD711007ADECA /* Ad */ = {
			isa = PBXGroup;
			children = (
				CFBBD67413BDD711007ADECA /* AdDescriptor */,
				CFBBD67C13BDD711007ADECA /* Model */,
				CFBBD67F13BDD711007ADECA /* Views */,
			);
			name = Ad;
			path = ../../../Sources/Classes/Ad;
			sourceTree = "<group>";
		};
		CFBBD67413BDD711007ADECA /* AdDescriptor */ = {
			isa = PBXGroup;
			children = (
				CFBBD67513BDD711007ADECA /* AdDescriptor.h */,
				CFBBD67713BDD711007ADECA /* AdDescriptorHelper.h */,
				CFBBD67913BDD711007ADECA /* ResponseParser */,
			);
			path = AdDescriptor;
			sourceTree = "<group>";
		};
		CFBBD67913BDD711007ADECA /* ResponseParser */ = {
			isa = PBXGroup;
			children = (
				CFBBD67A13BDD711007ADECA /* ServerXMLResponseParser.h */,
			);
			path = ResponseParser;
			sourceTree = "<group>";
		};
		CFBBD67C13BDD711007ADECA /* Model */ = {
			isa = PBXGroup;
			children = (
				CFBBD67D13BDD711007ADECA /* AdModel.h */,
			);
			path = Model;
			sourceTree = "<group>";
		};
		CFBBD67F13BDD711007ADECA /* Views */ = {
			isa = PBXGroup;
			children = (
				CFBBD68013BDD711007ADECA /* PublicView */,
				CFBBD68413BDD711007ADECA /* SubViews */,
				CFBBD6A513BDD711007ADECA /* TouchableViewController */,
				CFBBD6A813BDD711007ADECA /* TransparentUIView */,
				CFBBD6AB13BDD711007ADECA /* TransparentUIWebView */,
			);
			path = Views;
			sourceTree = "<group>";
		};
		CFBBD68013BDD711007ADECA /* PublicView */ = {
			isa = PBXGroup;
			children = (
				CFBBD68313BDD711007ADECA /* AdView_Private.h */,
			);
			path = PublicView;
			sourceTree = "<group>";
		};
		CFBBD68413BDD711007ADECA /* SubViews */ = {
			isa = PBXGroup;
			children = (
				CFBBD68513BDD711007ADECA /* AdMobAdaptor */,
				CFBBD68813BDD711007ADECA /* AdWebView */,
				CFBBD68E13BDD711007ADECA /* GreystripeAdptor */,
				CFBBD69113BDD711007ADECA /* IAdAdaptor */,
				CFBBD69413BDD711007ADECA /* IVdopiaAdaptor */,
				CFBBD69713BDD711007ADECA /* MillennialAdaptor */,
				CFBBD69A13BDD711007ADECA /* RhythmAdaptor */,
				CFBBD69D13BDD711007ADECA /* SASAdaptor */,
				CFBBD6A213BDD711007ADECA /* VideoView */,
			);
			path = SubViews;
			sourceTree = "<group>";
		};
		CFBBD68513BDD711007ADECA /* AdMobAdaptor */ = {
			isa = PBXGroup;
			children = (
				CFBBD68613BDD711007ADECA /* AdMobAdaptor.h */,
			);
			path = AdMobAdaptor;
			sourceTree = "<group>";
		};
		CFBBD68813BDD711007ADECA /* AdWebView */ = {
			isa = PBXGroup;
			children = (
				CFBBD68913BDD711007ADECA /* AdWebView.h */,
				CFBBD68B13BDD711007ADECA /* ORMMA */,
			);
			path = AdWebView;
			sourceTree = "<group>";
		};
		CFBBD68B13BDD711007ADECA /* ORMMA */ = {
			isa = PBXGroup;
			children = (
				CFBBD68C13BDD711007ADECA /* ORMMAJavascriptBridge.h */,
			);
			path = ORMMA;
			sourceTree = "<group>";
		};
		CFBBD68E13BDD711007ADECA /* GreystripeAdptor */ = {
			isa = PBXGroup;
			children = (
				CFBBD68F13BDD711007ADECA /* GreystripeAdaptor.h */,
			);
			path = GreystripeAdptor;
			sourceTree = "<group>";
		};
		CFBBD69113BDD711007ADECA /* IAdAdaptor */ = {
			isa = PBXGroup;
			children = (
				CFBBD69213BDD711007ADECA /* IAdAdaptor.h */,
			);
			path = IAdAdaptor;
			sourceTree = "<group>";
		};
		CFBBD69413BDD711007ADECA /* IVdopiaAdaptor */ = {
			isa = PBXGroup;
			children = (
				CFBBD69513BDD711007ADECA /* IVdopiaAdaptor.h */,
			);
			path = IVdopiaAdaptor;
			sourceTree = "<group>";
		};
		CFBBD69713BDD711007ADECA /* MillennialAdaptor */ = {
			isa = PBXGroup;
			children = (
				CFBBD69813BDD711007ADECA /* MillennialAdaptor.h */,
			);
			path = MillennialAdaptor;
			sourceTree = "<group>";
		};
		CFBBD69A13BDD711007ADECA /* RhythmAdaptor */ = {
			isa = PBXGroup;
			children = (
				CFBBD69B13BDD711007ADECA /* RhythmAdaptor.h */,
			);
			path = RhythmAdaptor;
			sourceTree = "<group>";
		};
		CFBBD69D13BDD711007ADECA /* SASAdaptor */ = {
			isa = PBXGroup;
			children = (
				CFBBD69E13BDD711007ADECA /* SasAdaptor.h */,
				CFBBD6A013BDD711007ADECA /* SASUIViewControllerAdaptor.h */,
			);
			path = SASAdaptor;
			sourceTree = "<group>";
		};
		CFBBD6A213BDD711007ADECA /* VideoView */ = {
			isa = PBXGroup;
			children = (
				CFBBD6A313BDD711007ADECA /* VideoView.h */,
			);
			path = VideoView;
			sourceTree = "<group>";
		};
		CFBBD6A513BDD711007ADECA /* TouchableViewController */ = {
			isa = PBXGroup;
			children = (
				CFBBD6A613BDD711007ADECA /* TouchableViewController.h */,
			);
			path = TouchableViewController;
			sourceTree = "<group>";
		};
		CFBBD6A813BDD711007ADECA /* TransparentUIView */ = {
			isa = PBXGroup;
			children = (
				CFBBD6A913BDD711007ADECA /* TransparentUIView.h */,
			);
			path = TransparentUIView;
			sourceTree = "<group>";
		};
		CFBBD6AB13BDD711007ADECA /* TransparentUIWebView */ = {
			isa = PBXGroup;
			children = (
				CFBBD6AC13BDD711007ADECA /* TransparentUIWebView.h */,
			);
			path = TransparentUIWebView;
			sourceTree = "<group>";
		};
		CFBBD6D613BDD7C4007ADECA /* Libs */ = {
			isa = PBXGroup;
			children = (
				CFBBD6D713BDD7C4007ADECA /* AdMob */,
				CFBBD6E013BDD7C4007ADECA /* asi-http-request */,
				CFBBD6F513BDD7C4007ADECA /* Greystripe */,
				CFBBD6FA13BDD7C4007ADECA /* iVdopia */,
				CFBBD6FE13BDD7C4007ADECA /* JSON */,
				CFBBD70C13BDD7C4007ADECA /* Millennial */,
				CFBBD70F13BDD7C4007ADECA /* QSUtilities */,
				CFBBD71D13BDD7C4007ADECA /* Reachability */,
				CFBBD72013BDD7C4007ADECA /* Rhythm */,
				CFBBD72813BDD7C4007ADECA /* SAS */,
				CFBBD72D13BDD7C4007ADECA /* Three20Core */,
				CFBBD76213BDD7C4007ADECA /* Three20Network */,
				CFBBD79513BDD7C4007ADECA /* TouchJSON */,
			);
			name = Libs;
			path = ../../../Sources/Libs;
			sourceTree = "<group>";
		};
		CFBBD6D713BDD7C4007ADECA /* AdMob */ = {
			isa = PBXGroup;
			children = (
				CFBBD6D813BDD7C4007ADECA /* GADBannerView.h */,
				CFBBD6D913BDD7C4007ADECA /* GADBannerViewDelegate.h */,
				CFBBD6DA13BDD7C4007ADECA /* GADInterstitial.h */,
				CFBBD6DB13BDD7C4007ADECA /* GADInterstitialDelegate.h */,
				CFBBD6DC13BDD7C4007ADECA /* GADRequest.h */,
				CFBBD6DD13BDD7C4007ADECA /* GADRequestError.h */,
			);
			path = AdMob;
			sourceTree = "<group>";
		};
		CFBBD6E013BDD7C4007ADECA /* asi-http-request */ = {
			isa = PBXGroup;
			children = (
				CFBBD6E113BDD7C4007ADECA /* ASIAuthenticationDialog.h */,
				CFBBD6E313BDD7C4007ADECA /* ASICacheDelegate.h */,
				CFBBD6E413BDD7C4007ADECA /* ASIDataCompressor.h */,
				CFBBD6E613BDD7C4007ADECA /* ASIDataDecompressor.h */,
				CFBBD6E813BDD7C4007ADECA /* ASIDownloadCache.h */,
				CFBBD6EA13BDD7C4007ADECA /* ASIFormDataRequest.h */,
				CFBBD6EC13BDD7C4007ADECA /* ASIHTTPRequest.h */,
				CFBBD6EE13BDD7C4007ADECA /* ASIHTTPRequestConfig.h */,
				CFBBD6EF13BDD7C4007ADECA /* ASIHTTPRequestDelegate.h */,
				CFBBD6F013BDD7C4007ADECA /* ASIInputStream.h */,
				CFBBD6F213BDD7C4007ADECA /* ASINetworkQueue.h */,
				CFBBD6F413BDD7C4007ADECA /* ASIProgressDelegate.h */,
			);
			path = "asi-http-request";
			sourceTree = "<group>";
		};
		CFBBD6F513BDD7C4007ADECA /* Greystripe */ = {
			isa = PBXGroup;
			children = (
				CFBBD6F613BDD7C4007ADECA /* GreystripeDelegate.h */,
				CFBBD6F713BDD7C4007ADECA /* GSAdEngine.h */,
				CFBBD6F813BDD7C4007ADECA /* GSAdView.h */,
			);
			path = Greystripe;
			sourceTree = "<group>";
		};
		CFBBD6FA13BDD7C4007ADECA /* iVdopia */ = {
			isa = PBXGroup;
			children = (
				CFBBD6FD13BDD7C4007ADECA /* VDOAds.h */,
			);
			path = iVdopia;
			sourceTree = "<group>";
		};
		CFBBD6FE13BDD7C4007ADECA /* JSON */ = {
			isa = PBXGroup;
			children = (
				CFBBD6FF13BDD7C4007ADECA /* JSON.h */,
				CFBBD70013BDD7C4007ADECA /* NSObject+SBJSON.h */,
				CFBBD70213BDD7C4007ADECA /* NSString+SBJSON.h */,
				CFBBD70413BDD7C4007ADECA /* SBJSON.h */,
				CFBBD70613BDD7C4007ADECA /* SBJsonBase.h */,
				CFBBD70813BDD7C4007ADECA /* SBJsonParser.h */,
				CFBBD70A13BDD7C4007ADECA /* SBJsonWriter.h */,
			);
			path = JSON;
			sourceTree = "<group>";
		};
		CFBBD70C13BDD7C4007ADECA /* Millennial */ = {
			isa = PBXGroup;
			children = (
				CFBBD70E13BDD7C4007ADECA /* MMAdView.h */,
			);
			path = Millennial;
			sourceTree = "<group>";
		};
		CFBBD70F13BDD7C4007ADECA /* QSUtilities */ = {
			isa = PBXGroup;
			children = (
				CFBBD71013BDD7C4007ADECA /* GTM */,
				CFBBD71513BDD7C4007ADECA /* QSFileManager.h */,
				CFBBD71713BDD7C4007ADECA /* QSHttpClient.h */,
				CFBBD71913BDD7C4007ADECA /* QSStrings.h */,
				CFBBD71B13BDD7C4007ADECA /* QSUtilities.h */,
			);
			path = QSUtilities;
			sourceTree = "<group>";
		};
		CFBBD71013BDD7C4007ADECA /* GTM */ = {
			isa = PBXGroup;
			children = (
				CFBBD71113BDD7C4007ADECA /* GTMDefines.h */,
				CFBBD71213BDD7C4007ADECA /* GTMNSString+HTML.h */,
			);
			path = GTM;
			sourceTree = "<group>";
		};
		CFBBD71D13BDD7C4007ADECA /* Reachability */ = {
			isa = PBXGroup;
			children = (
				CFBBD71E13BDD7C4007ADECA /* Reachability.h */,
			);
			path = Reachability;
			sourceTree = "<group>";
		};
		CFBBD72013BDD7C4007ADECA /* Rhythm */ = {
			isa = PBXGroup;
			children = (
				CFBBD72213BDD7C4007ADECA /* RhythmAd.h */,
				CFBBD72313BDD7C4007ADECA /* RhythmAdDelegate.h */,
				CFBBD72413BDD7C4007ADECA /* RhythmVideoAdDelegate.h */,
				CFBBD72513BDD7C4007ADECA /* RhythmVideoController.h */,
				CFBBD72613BDD7C4007ADECA /* RhythmVideoDataSource.h */,
				CFBBD72713BDD7C4007ADECA /* RhythmVideoDelegate.h */,
			);
			path = Rhythm;
			sourceTree = "<group>";
		};
		CFBBD72813BDD7C4007ADECA /* SAS */ = {
			isa = PBXGroup;
			children = (
				CFBBD72A13BDD7C4007ADECA /* SmartAdServerAd.h */,
				CFBBD72B13BDD7C4007ADECA /* SmartAdServerDelegate.h */,
				CFBBD72C13BDD7C4007ADECA /* SmartAdServerView.h */,
			);
			path = SAS;
			sourceTree = "<group>";
		};
		CFBBD72D13BDD7C4007ADECA /* Three20Core */ = {
			isa = PBXGroup;
			children = (
				CFBBD73213BDD7C4007ADECA /* CoreAdditions.h */,
				CFBBD73413BDD7C4007ADECA /* Headers */,
			);
			path = Three20Core;
			sourceTree = "<group>";
		};
		CFBBD73413BDD7C4007ADECA /* Headers */ = {
			isa = PBXGroup;
			children = (
				CFBBD73513BDD7C4007ADECA /* NSArrayAdditions.h */,
				CFBBD73613BDD7C4007ADECA /* NSDataAdditions.h */,
				CFBBD73713BDD7C4007ADECA /* NSDateAdditions.h */,
				CFBBD73813BDD7C4007ADECA /* NSMutableArrayAdditions.h */,
				CFBBD73913BDD7C4007ADECA /* NSMutableDictionaryAdditions.h */,
				CFBBD73A13BDD7C4007ADECA /* NSObjectAdditions.h */,
				CFBBD73B13BDD7C4007ADECA /* NSStringAdditions.h */,
				CFBBD73C13BDD7C4007ADECA /* Three20Core+Additions.h */,
				CFBBD73D13BDD7C4007ADECA /* Three20Core.h */,
				CFBBD73E13BDD7C4007ADECA /* Three20Core_Prefix.pch */,
				CFBBD73F13BDD7C4007ADECA /* TTCorePreprocessorMacros.h */,
				CFBBD74013BDD7C4007ADECA /* TTDebug.h */,
				CFBBD74113BDD7C4007ADECA /* TTDebugFlags.h */,
				CFBBD74213BDD7C4007ADECA /* TTEntityTables.h */,
				CFBBD74313BDD7C4007ADECA /* TTGlobalCore.h */,
				CFBBD74413BDD7C4007ADECA /* TTGlobalCoreLocale.h */,
				CFBBD74513BDD7C4007ADECA /* TTGlobalCorePaths.h */,
				CFBBD74613BDD7C4007ADECA /* TTGlobalCoreRects.h */,
				CFBBD74713BDD7C4007ADECA /* TTMarkupStripper.h */,
			);
			path = Headers;
			sourceTree = "<group>";
		};
		CFBBD76213BDD7C4007ADECA /* Three20Network */ = {
			isa = PBXGroup;
			children = (
				CFBBD76713BDD7C4007ADECA /* Headers */,
			);
			path = Three20Network;
			sourceTree = "<group>";
		};
		CFBBD76713BDD7C4007ADECA /* Headers */ = {
			isa = PBXGroup;
			children = (
				CFBBD76813BDD7C4007ADECA /* Three20Network.h */,
				CFBBD76913BDD7C4007ADECA /* Three20Network_Prefix.pch */,
				CFBBD76A13BDD7C4007ADECA /* TTErrorCodes.h */,
				CFBBD76B13BDD7C4007ADECA /* TTGlobalNetwork.h */,
				CFBBD76C13BDD7C4007ADECA /* TTModel.h */,
				CFBBD76D13BDD7C4007ADECA /* TTModelDelegate.h */,
				CFBBD76E13BDD7C4007ADECA /* TTRequestLoader.h */,
				CFBBD76F13BDD7C4007ADECA /* TTURLCache.h */,
				CFBBD77013BDD7C4007ADECA /* TTURLDataResponse.h */,
				CFBBD77113BDD7C4007ADECA /* TTURLImageResponse.h */,
				CFBBD77213BDD7C4007ADECA /* TTURLRequest.h */,
				CFBBD77313BDD7C4007ADECA /* TTURLRequestCachePolicy.h */,
				CFBBD77413BDD7C4007ADECA /* TTURLRequestDelegate.h */,
				CFBBD77513BDD7C4007ADECA /* TTURLRequestModel.h */,
				CFBBD77613BDD7C4007ADECA /* TTURLRequestQueue.h */,
				CFBBD77713BDD7C4007ADECA /* TTURLRequestQueueInternal.h */,
				CFBBD77813BDD7C4007ADECA /* TTURLResponse.h */,
				CFBBD77913BDD7C4007ADECA /* TTUserInfo.h */,
			);
			path = Headers;
			sourceTree = "<group>";
		};
		CFBBD79513BDD7C4007ADECA /* TouchJSON */ = {
			isa = PBXGroup;
			children = (
				CFBBD79613BDD7C4007ADECA /* CDataScanner.h */,
				CFBBD79813BDD7C4007ADECA /* Extensions */,
				CFBBD7A113BDD7C4007ADECA /* JSON */,
			);
			path = TouchJSON;
			sourceTree = "<group>";
		};
		CFBBD79813BDD7C4007ADECA /* Extensions */ = {
			isa = PBXGroup;
			children = (
				CFBBD79913BDD7C4007ADECA /* CDataScanner_Extensions.h */,
				CFBBD79B13BDD7C4007ADECA /* NSCharacterSet_Extensions.h */,
				CFBBD79D13BDD7C4007ADECA /* NSDictionary_JSONExtensions.h */,
				CFBBD79F13BDD7C4007ADECA /* NSScanner_Extensions.h */,
			);
			path = Extensions;
			sourceTree = "<group>";
		};
		CFBBD7A113BDD7C4007ADECA /* JSON */ = {
			isa = PBXGroup;
			children = (
				CFBBD7A213BDD7C4007ADECA /* CJSONDataSerializer.h */,
				CFBBD7A413BDD7C4007ADECA /* CJSONDeserializer.h */,
				CFBBD7A613BDD7C4007ADECA /* CJSONScanner.h */,
				CFBBD7A813BDD7C4007ADECA /* CJSONSerializer.h */,
				CFBBD7AA13BDD7C4007ADECA /* CSerializedJSONData.h */,
			);
			path = JSON;
			sourceTree = "<group>";
		};
		FC428BEE13EFBCC0001B3B6E /* Bundles */ = {
			isa = PBXGroup;
			children = (
				FC428BEF13EFBCC0001B3B6E /* SAS.bundle */,
			);
			name = Bundles;
			path = ../../../Sources/Bundles;
			sourceTree = "<group>";
		};
		FCF61E4E1414FB4C007B0BCA /* Simple Banner (Retina) */ = {
			isa = PBXGroup;
			children = (
				FCF61E4F1414FBA1007B0BCA /* SimpleBannerRetinaViewController.h */,
				FCF61E501414FBA1007B0BCA /* SimpleBannerRetinaViewController.m */,
			);
			name = "Simple Banner (Retina)";
			sourceTree = "<group>";
		};
/* End PBXGroup section */

/* Begin PBXNativeTarget section */
		1D6058900D05DD3D006BFB54 /* AdMobileSamples */ = {
			isa = PBXNativeTarget;
			buildConfigurationList = 1D6058960D05DD3E006BFB54 /* Build configuration list for PBXNativeTarget "AdMobileSamples" */;
			buildPhases = (
				1D60588D0D05DD3D006BFB54 /* Resources */,
				1D60588E0D05DD3D006BFB54 /* Sources */,
				1D60588F0D05DD3D006BFB54 /* Frameworks */,
			);
			buildRules = (
			);
			dependencies = (
				CFBA6E1D13B059BB00CCE607 /* PBXTargetDependency */,
			);
			name = AdMobileSamples;
			productName = AdMobileSamples;
			productReference = 1D6058910D05DD3D006BFB54 /* AdMobileSamples.app */;
			productType = "com.apple.product-type.application";
		};
/* End PBXNativeTarget section */

/* Begin PBXProject section */
		29B97313FDCFA39411CA2CEA /* Project object */ = {
			isa = PBXProject;
			attributes = {
				LastUpgradeCheck = 0420;
			};
			buildConfigurationList = C01FCF4E08A954540054247B /* Build configuration list for PBXProject "AdMobileSamples" */;
			compatibilityVersion = "Xcode 3.2";
			developmentRegion = English;
			hasScannedForEncodings = 1;
			knownRegions = (
				English,
				Japanese,
				French,
				German,
			);
			mainGroup = 29B97314FDCFA39411CA2CEA /* CustomTemplate */;
			projectDirPath = "";
			projectReferences = (
				{
					ProductGroup = CFBA6DF813B0599800CCE607 /* Products */;
					ProjectRef = CFBA6DF713B0599800CCE607 /* AdMobileSDK.xcodeproj */;
				},
			);
			projectRoot = "";
			targets = (
				1D6058900D05DD3D006BFB54 /* AdMobileSamples */,
			);
		};
/* End PBXProject section */

/* Begin PBXReferenceProxy section */
		CFAEF44A13D00D9C00355C81 /* libAdMobileSDK doc generation.a */ = {
			isa = PBXReferenceProxy;
			fileType = archive.ar;
			path = "libAdMobileSDK doc generation.a";
			remoteRef = CFAEF44913D00D9C00355C81 /* PBXContainerItemProxy */;
			sourceTree = BUILT_PRODUCTS_DIR;
		};
		CFBA6E0013B0599900CCE607 /* libAdMobileSDK.a */ = {
			isa = PBXReferenceProxy;
			fileType = archive.ar;
			path = libAdMobileSDK.a;
			remoteRef = CFBA6DFF13B0599900CCE607 /* PBXContainerItemProxy */;
			sourceTree = BUILT_PRODUCTS_DIR;
		};
/* End PBXReferenceProxy section */

/* Begin PBXResourcesBuildPhase section */
		1D60588D0D05DD3D006BFB54 /* Resources */ = {
			isa = PBXResourcesBuildPhase;
			buildActionMask = 2147483647;
			files = (
				CF1ABF42130E609400A6859F /* Shader.fsh in Resources */,
				CF1ABF43130E609400A6859F /* Shader.vsh in Resources */,
				28AD733F0D9D9553002E5188 /* MainWindow.xib in Resources */,
				2899E5220DE3E06400AC0155 /* AdMobileSamplesViewController.xib in Resources */,
				ADAF1C6F126876F600AD88B8 /* DefaultImage (320x240).png in Resources */,
				ADAF1C731268775200AD88B8 /* DefaultImage (320x50).png in Resources */,
				CFD0702A130A5AB700915735 /* Icon@2x.png in Resources */,
				CFD0702B130A5AB700915735 /* Icon.png in Resources */,
				CFD0702E130A5AB700915735 /* Icon-72.png in Resources */,
				CF6313111345BBED00399622 /* Default@2x.png in Resources */,
				CF6313121345BBED00399622 /* Default.png in Resources */,
				CF6313151345BF7F00399622 /* Default-Portrait.png in Resources */,
				FC428BF013EFBCC0001B3B6E /* SAS.bundle in Resources */,
			);
			runOnlyForDeploymentPostprocessing = 0;
		};
/* End PBXResourcesBuildPhase section */

/* Begin PBXSourcesBuildPhase section */
		1D60588E0D05DD3D006BFB54 /* Sources */ = {
			isa = PBXSourcesBuildPhase;
			buildActionMask = 2147483647;
			files = (
				1D60589B0D05DD56006BFB54 /* main.m in Sources */,
				1D3623260D0F684500981E51 /* AdMobileSamplesAppDelegate.m in Sources */,
				28D7ACF80DDB3853001CB0EB /* AdMobileSamplesViewController.m in Sources */,
				1619F3CC1206D36400BEA21D /* SimpleBannerViewController.m in Sources */,
				167994691206E28500AE330E /* InterstitialViewController.m in Sources */,
				167994981206E7BB00AE330E /* VideoViewController.m in Sources */,
				164E23211206EFE200FF5FD0 /* BannerAnimationViewController.m in Sources */,
				16BB05AF1209513600DBCF9A /* TableViewCellSampleViewController.m in Sources */,
				16411994120991CA00A2D460 /* TableViewAnimationViewController.m in Sources */,
				16411A6012099C1800A2D460 /* VideoWithInterstitilaViewController.m in Sources */,
				AD0ECA2F120C1B38008216A6 /* DelegateViewController.m in Sources */,
				CF2C608712FC2E4400A103C5 /* RotationAdViewController.m in Sources */,
				CF0DF283130BD868005A6FB3 /* DebugViewController.m in Sources */,
				CF1ABF27130E608000A6859F /* Shader.fsh in Sources */,
				CF1ABF28130E608000A6859F /* Shader.vsh in Sources */,
				CF840386130E67B200EC0AF8 /* OpenGLViewController.m in Sources */,
				CF840387130E67B200EC0AF8 /* EAGLView.m in Sources */,
				CF84058C130E992300EC0AF8 /* RichJSadViewController.m in Sources */,
				ACC770281382B7F9005074D8 /* ORMMAViewController.m in Sources */,
				CFBBD63113BDC73D007ADECA /* TestingViewController.m in Sources */,
				FCF61E511414FBA1007B0BCA /* SimpleBannerRetinaViewController.m in Sources */,
			);
			runOnlyForDeploymentPostprocessing = 0;
		};
/* End PBXSourcesBuildPhase section */

/* Begin PBXTargetDependency section */
		CFBA6E1D13B059BB00CCE607 /* PBXTargetDependency */ = {
			isa = PBXTargetDependency;
			name = AdMobileSDK;
			targetProxy = CFBA6E1C13B059BB00CCE607 /* PBXContainerItemProxy */;
		};
/* End PBXTargetDependency section */

/* Begin XCBuildConfiguration section */
		1D6058940D05DD3E006BFB54 /* Debug */ = {
			isa = XCBuildConfiguration;
			buildSettings = {
				ALWAYS_SEARCH_USER_PATHS = YES;
				COPY_PHASE_STRIP = YES;
				GCC_DYNAMIC_NO_PIC = NO;
				GCC_OPTIMIZATION_LEVEL = s;
				GCC_PRECOMPILE_PREFIX_HEADER = NO;
				GCC_PREFIX_HEADER = AdMobileSamples_Prefix.pch;
				GCC_VERSION = com.apple.compilers.llvm.clang.1_0;
				INFOPLIST_FILE = "AdMobileSamples-Info.plist";
				IPHONEOS_DEPLOYMENT_TARGET = 4.0;
				LIBRARY_SEARCH_PATHS = "\"$(SRCROOT)\"";
				PRODUCT_NAME = AdMobileSamples;
				SDKROOT = iphoneos;
			};
			name = Debug;
		};
		1D6058950D05DD3E006BFB54 /* Release */ = {
			isa = XCBuildConfiguration;
			buildSettings = {
				ALWAYS_SEARCH_USER_PATHS = YES;
				COPY_PHASE_STRIP = YES;
				GCC_OPTIMIZATION_LEVEL = s;
				GCC_PRECOMPILE_PREFIX_HEADER = NO;
				GCC_PREFIX_HEADER = AdMobileSamples_Prefix.pch;
				GCC_VERSION = com.apple.compilers.llvm.clang.1_0;
				INFOPLIST_FILE = "AdMobileSamples-Info.plist";
				IPHONEOS_DEPLOYMENT_TARGET = 4.0;
				LIBRARY_SEARCH_PATHS = "\"$(SRCROOT)\"";
				PRODUCT_NAME = AdMobileSamples;
				SDKROOT = iphoneos;
				VALIDATE_PRODUCT = NO;
			};
			name = Release;
		};
		C01FCF4F08A954540054247B /* Debug */ = {
			isa = XCBuildConfiguration;
			buildSettings = {
				ARCHS = "$(ARCHS_STANDARD_32_BIT)";
				CODE_SIGN_IDENTITY = "iPhone Developer";
				GCC_C_LANGUAGE_STANDARD = c99;
				GCC_WARN_ABOUT_RETURN_TYPE = YES;
				GCC_WARN_UNUSED_VARIABLE = YES;
				IPHONEOS_DEPLOYMENT_TARGET = 4.0;
				OTHER_LDFLAGS = "-ObjC";
				PROVISIONING_PROFILE = "";
				SDKROOT = iphoneos;
				TARGETED_DEVICE_FAMILY = "1,2";
			};
			name = Debug;
		};
		C01FCF5008A954540054247B /* Release */ = {
			isa = XCBuildConfiguration;
			buildSettings = {
				ARCHS = "$(ARCHS_STANDARD_32_BIT)";
				CODE_SIGN_IDENTITY = "iPhone Developer";
				GCC_C_LANGUAGE_STANDARD = c99;
				GCC_WARN_ABOUT_RETURN_TYPE = YES;
				GCC_WARN_UNUSED_VARIABLE = YES;
				IPHONEOS_DEPLOYMENT_TARGET = 4.0;
				OTHER_CFLAGS = "-DNS_BLOCK_ASSERTIONS=1";
				OTHER_LDFLAGS = "-ObjC";
				PROVISIONING_PROFILE = "";
				SDKROOT = iphoneos;
				TARGETED_DEVICE_FAMILY = "1,2";
			};
			name = Release;
		};
/* End XCBuildConfiguration section */

/* Begin XCConfigurationList section */
		1D6058960D05DD3E006BFB54 /* Build configuration list for PBXNativeTarget "AdMobileSamples" */ = {
			isa = XCConfigurationList;
			buildConfigurations = (
				1D6058940D05DD3E006BFB54 /* Debug */,
				1D6058950D05DD3E006BFB54 /* Release */,
			);
			defaultConfigurationIsVisible = 0;
			defaultConfigurationName = Debug;
		};
		C01FCF4E08A954540054247B /* Build configuration list for PBXProject "AdMobileSamples" */ = {
			isa = XCConfigurationList;
			buildConfigurations = (
				C01FCF4F08A954540054247B /* Debug */,
				C01FCF5008A954540054247B /* Release */,
			);
			defaultConfigurationIsVisible = 0;
			defaultConfigurationName = Debug;
		};
/* End XCConfigurationList section */
	};
	rootObject = 29B97313FDCFA39411CA2CEA /* Project object */;
}
